// !$*UTF8*$!
{
	archiveVersion = 1;
	classes = {
	};
	objectVersion = 46;
	objects = {

/* Begin PBXBuildFile section */
		5A002D87185478BD00E324C2 /* Foundation.framework in Frameworks */ = {isa = PBXBuildFile; fileRef = 5A002D86185478BD00E324C2 /* Foundation.framework */; };
		5A002D89185478BD00E324C2 /* CoreGraphics.framework in Frameworks */ = {isa = PBXBuildFile; fileRef = 5A002D88185478BD00E324C2 /* CoreGraphics.framework */; };
		5A002D8B185478BD00E324C2 /* UIKit.framework in Frameworks */ = {isa = PBXBuildFile; fileRef = 5A002D8A185478BD00E324C2 /* UIKit.framework */; };
		5A002D91185478BD00E324C2 /* InfoPlist.strings in Resources */ = {isa = PBXBuildFile; fileRef = 5A002D8F185478BD00E324C2 /* InfoPlist.strings */; };
		5A002D93185478BD00E324C2 /* main.m in Sources */ = {isa = PBXBuildFile; fileRef = 5A002D92185478BD00E324C2 /* main.m */; };
		5A002D97185478BD00E324C2 /* AppDelegate.m in Sources */ = {isa = PBXBuildFile; fileRef = 5A002D96185478BD00E324C2 /* AppDelegate.m */; };
		5A002D9A185478BD00E324C2 /* Main.storyboard in Resources */ = {isa = PBXBuildFile; fileRef = 5A002D98185478BD00E324C2 /* Main.storyboard */; };
		5A002D9D185478BD00E324C2 /* ShopsListVC.m in Sources */ = {isa = PBXBuildFile; fileRef = 5A002D9C185478BD00E324C2 /* ShopsListVC.m */; };
		5A002DA0185478BD00E324C2 /* MinPriceList.m in Sources */ = {isa = PBXBuildFile; fileRef = 5A002D9F185478BD00E324C2 /* MinPriceList.m */; };
		5A002DA2185478BD00E324C2 /* Images.xcassets in Resources */ = {isa = PBXBuildFile; fileRef = 5A002DA1185478BD00E324C2 /* Images.xcassets */; };
		5A002DA9185478BD00E324C2 /* XCTest.framework in Frameworks */ = {isa = PBXBuildFile; fileRef = 5A002DA8185478BD00E324C2 /* XCTest.framework */; };
		5A002DAA185478BD00E324C2 /* Foundation.framework in Frameworks */ = {isa = PBXBuildFile; fileRef = 5A002D86185478BD00E324C2 /* Foundation.framework */; };
		5A002DAB185478BD00E324C2 /* UIKit.framework in Frameworks */ = {isa = PBXBuildFile; fileRef = 5A002D8A185478BD00E324C2 /* UIKit.framework */; };
		5A002DB3185478BD00E324C2 /* InfoPlist.strings in Resources */ = {isa = PBXBuildFile; fileRef = 5A002DB1185478BD00E324C2 /* InfoPlist.strings */; };
		5A002DB5185478BD00E324C2 /* eShopTests.m in Sources */ = {isa = PBXBuildFile; fileRef = 5A002DB4185478BD00E324C2 /* eShopTests.m */; };
		5A002DC418547C7E00E324C2 /* CShop.m in Sources */ = {isa = PBXBuildFile; fileRef = 5A002DC318547C7E00E324C2 /* CShop.m */; };
		5A002DC718547CE300E324C2 /* CCoreManager.m in Sources */ = {isa = PBXBuildFile; fileRef = 5A002DC618547CE300E324C2 /* CCoreManager.m */; };
		5A61FF6C189D6160000FC585 /* common_bg.png in Resources */ = {isa = PBXBuildFile; fileRef = 5A61FF68189D6160000FC585 /* common_bg.png */; };
		5A61FF6D189D6160000FC585 /* common_bg@2x.png in Resources */ = {isa = PBXBuildFile; fileRef = 5A61FF69189D6160000FC585 /* common_bg@2x.png */; };
		5A61FF6E189D6160000FC585 /* common_bgt.png in Resources */ = {isa = PBXBuildFile; fileRef = 5A61FF6A189D6160000FC585 /* common_bgt.png */; };
		5A61FF6F189D6160000FC585 /* common_bgt@2x.png in Resources */ = {isa = PBXBuildFile; fileRef = 5A61FF6B189D6160000FC585 /* common_bgt@2x.png */; };
		5A8FFE97185E353C00155799 /* AddProductToAShopVC.m in Sources */ = {isa = PBXBuildFile; fileRef = 5A8FFE96185E353C00155799 /* AddProductToAShopVC.m */; };
		5AA88EF7186EBB4100E80D90 /* AddShop.m in Sources */ = {isa = PBXBuildFile; fileRef = 5AA88EF6186EBB4100E80D90 /* AddShop.m */; };
		5AA8994718985A5A005A813F /* libGoogleAnalyticsServices.a in Frameworks */ = {isa = PBXBuildFile; fileRef = 5AA8994618985A5A005A813F /* libGoogleAnalyticsServices.a */; };
		5AA8994918985AF1005A813F /* CFNetwork.framework in Frameworks */ = {isa = PBXBuildFile; fileRef = 5AA8994818985AF1005A813F /* CFNetwork.framework */; };
		5AA8994B18985BD8005A813F /* SystemConfiguration.framework in Frameworks */ = {isa = PBXBuildFile; fileRef = 5AA8994A18985BD8005A813F /* SystemConfiguration.framework */; };
		5AA8994D18985BEB005A813F /* AVFoundation.framework in Frameworks */ = {isa = PBXBuildFile; fileRef = 5AA8994C18985BEB005A813F /* AVFoundation.framework */; };
		5AA8994F18985C01005A813F /* CoreData.framework in Frameworks */ = {isa = PBXBuildFile; fileRef = 5AA8994E18985C01005A813F /* CoreData.framework */; };
		5AA8D83F1862200C0086C605 /* EditShopVC.m in Sources */ = {isa = PBXBuildFile; fileRef = 5AA8D83E1862200C0086C605 /* EditShopVC.m */; };
		5AA8D841186226BA0086C605 /* Localizable.strings in Resources */ = {isa = PBXBuildFile; fileRef = 5AA8D840186226BA0086C605 /* Localizable.strings */; };
		5AAAAB361856515F00319E87 /* CDatabase.m in Sources */ = {isa = PBXBuildFile; fileRef = 5AAAAB351856515F00319E87 /* CDatabase.m */; };
		5AAAAB381856578600319E87 /* libsqlite3.0.dylib in Frameworks */ = {isa = PBXBuildFile; fileRef = 5AAAAB371856578600319E87 /* libsqlite3.0.dylib */; };
		5AB6C5421858FA020009A1D6 /* TODO.txt in Resources */ = {isa = PBXBuildFile; fileRef = 5AB6C5411858FA020009A1D6 /* TODO.txt */; };
		5ABA7A08186D698500883EA2 /* SetupVC.m in Sources */ = {isa = PBXBuildFile; fileRef = 5ABA7A07186D698500883EA2 /* SetupVC.m */; };
		5ABA7A0C186D71D200883EA2 /* AddProductVC.m in Sources */ = {isa = PBXBuildFile; fileRef = 5ABA7A0B186D71D200883EA2 /* AddProductVC.m */; };
		5ACD16F4186357D9003C83EA /* CProduct.m in Sources */ = {isa = PBXBuildFile; fileRef = 5ACD16F3186357D9003C83EA /* CProduct.m */; };
		5ACD16F8186360CA003C83EA /* ProductListVC.m in Sources */ = {isa = PBXBuildFile; fileRef = 5ACD16F7186360CA003C83EA /* ProductListVC.m */; };
		5ACD16FB186363BC003C83EA /* ProductViewCell.m in Sources */ = {isa = PBXBuildFile; fileRef = 5ACD16FA186363BC003C83EA /* ProductViewCell.m */; };
		5ACD16FF18636AF2003C83EA /* AddShopToAProductVC.m in Sources */ = {isa = PBXBuildFile; fileRef = 5ACD16FE18636AF2003C83EA /* AddShopToAProductVC.m */; };
		5ACD17031863800C003C83EA /* ProductListPricesVC.m in Sources */ = {isa = PBXBuildFile; fileRef = 5ACD17021863800C003C83EA /* ProductListPricesVC.m */; };
		5ACD17061863804F003C83EA /* ProductPriceCell.m in Sources */ = {isa = PBXBuildFile; fileRef = 5ACD17051863804F003C83EA /* ProductPriceCell.m */; };
		5ACF79E318A01A3000B514B9 /* QuartzCore.framework in Frameworks */ = {isa = PBXBuildFile; fileRef = 5ACF79E218A01A3000B514B9 /* QuartzCore.framework */; };
		5ACF79E818A01CA400B514B9 /* BarCodeReaderVC.m in Sources */ = {isa = PBXBuildFile; fileRef = 5ACF79E718A01CA400B514B9 /* BarCodeReaderVC.m */; };
		5AD3F755185A316600950BC1 /* ShopViewCell.m in Sources */ = {isa = PBXBuildFile; fileRef = 5AD3F754185A316600950BC1 /* ShopViewCell.m */; };
		5AD9AB3A18B92BD50064C61A /* CRemoteDatabase.m in Sources */ = {isa = PBXBuildFile; fileRef = 5AD9AB3918B92BD50064C61A /* CRemoteDatabase.m */; };
		5ADAAA96185DCC770080C816 /* CProductPrice.m in Sources */ = {isa = PBXBuildFile; fileRef = 5ADAAA95185DCC770080C816 /* CProductPrice.m */; };
		5ADAAA9B185DF2120080C816 /* ShopListPricesVC.m in Sources */ = {isa = PBXBuildFile; fileRef = 5ADAAA9A185DF2120080C816 /* ShopListPricesVC.m */; };
		5ADAAA9E185DF28F0080C816 /* ShopPriceCell.m in Sources */ = {isa = PBXBuildFile; fileRef = 5ADAAA9D185DF28F0080C816 /* ShopPriceCell.m */; };
		5ADCBEBB186C1FA80085920E /* EditProductVC.m in Sources */ = {isa = PBXBuildFile; fileRef = 5ADCBEBA186C1FA80085920E /* EditProductVC.m */; };
		5AE4C5A218B29A95000A361D /* MinPriceCell.m in Sources */ = {isa = PBXBuildFile; fileRef = 5AE4C5A118B29A95000A361D /* MinPriceCell.m */; };
/* End PBXBuildFile section */

/* Begin PBXContainerItemProxy section */
		5A002DAC185478BD00E324C2 /* PBXContainerItemProxy */ = {
			isa = PBXContainerItemProxy;
			containerPortal = 5A002D7B185478BD00E324C2 /* Project object */;
			proxyType = 1;
			remoteGlobalIDString = 5A002D82185478BD00E324C2;
			remoteInfo = eShop;
		};
/* End PBXContainerItemProxy section */

/* Begin PBXFileReference section */
		5A002D83185478BD00E324C2 /* eShop.app */ = {isa = PBXFileReference; explicitFileType = wrapper.application; includeInIndex = 0; path = eShop.app; sourceTree = BUILT_PRODUCTS_DIR; };
		5A002D86185478BD00E324C2 /* Foundation.framework */ = {isa = PBXFileReference; lastKnownFileType = wrapper.framework; name = Foundation.framework; path = System/Library/Frameworks/Foundation.framework; sourceTree = SDKROOT; };
		5A002D88185478BD00E324C2 /* CoreGraphics.framework */ = {isa = PBXFileReference; lastKnownFileType = wrapper.framework; name = CoreGraphics.framework; path = System/Library/Frameworks/CoreGraphics.framework; sourceTree = SDKROOT; };
		5A002D8A185478BD00E324C2 /* UIKit.framework */ = {isa = PBXFileReference; lastKnownFileType = wrapper.framework; name = UIKit.framework; path = System/Library/Frameworks/UIKit.framework; sourceTree = SDKROOT; };
		5A002D8E185478BD00E324C2 /* eShop-Info.plist */ = {isa = PBXFileReference; lastKnownFileType = text.plist.xml; path = "eShop-Info.plist"; sourceTree = "<group>"; };
		5A002D90185478BD00E324C2 /* en */ = {isa = PBXFileReference; lastKnownFileType = text.plist.strings; name = en; path = en.lproj/InfoPlist.strings; sourceTree = "<group>"; };
		5A002D92185478BD00E324C2 /* main.m */ = {isa = PBXFileReference; lastKnownFileType = sourcecode.c.objc; path = main.m; sourceTree = "<group>"; };
		5A002D94185478BD00E324C2 /* eShop-Prefix.pch */ = {isa = PBXFileReference; lastKnownFileType = sourcecode.c.h; path = "eShop-Prefix.pch"; sourceTree = "<group>"; };
		5A002D95185478BD00E324C2 /* AppDelegate.h */ = {isa = PBXFileReference; lastKnownFileType = sourcecode.c.h; path = AppDelegate.h; sourceTree = "<group>"; };
		5A002D96185478BD00E324C2 /* AppDelegate.m */ = {isa = PBXFileReference; lastKnownFileType = sourcecode.c.objc; path = AppDelegate.m; sourceTree = "<group>"; };
		5A002D99185478BD00E324C2 /* Base */ = {isa = PBXFileReference; lastKnownFileType = file.storyboard; name = Base; path = Base.lproj/Main.storyboard; sourceTree = "<group>"; };
		5A002D9B185478BD00E324C2 /* ShopsListVC.h */ = {isa = PBXFileReference; lastKnownFileType = sourcecode.c.h; path = ShopsListVC.h; sourceTree = "<group>"; };
		5A002D9C185478BD00E324C2 /* ShopsListVC.m */ = {isa = PBXFileReference; lastKnownFileType = sourcecode.c.objc; path = ShopsListVC.m; sourceTree = "<group>"; };
		5A002D9E185478BD00E324C2 /* MinPriceList.h */ = {isa = PBXFileReference; lastKnownFileType = sourcecode.c.h; path = MinPriceList.h; sourceTree = "<group>"; };
		5A002D9F185478BD00E324C2 /* MinPriceList.m */ = {isa = PBXFileReference; lastKnownFileType = sourcecode.c.objc; path = MinPriceList.m; sourceTree = "<group>"; };
		5A002DA1185478BD00E324C2 /* Images.xcassets */ = {isa = PBXFileReference; lastKnownFileType = folder.assetcatalog; path = Images.xcassets; sourceTree = "<group>"; };
		5A002DA7185478BD00E324C2 /* eShopTests.xctest */ = {isa = PBXFileReference; explicitFileType = wrapper.cfbundle; includeInIndex = 0; path = eShopTests.xctest; sourceTree = BUILT_PRODUCTS_DIR; };
		5A002DA8185478BD00E324C2 /* XCTest.framework */ = {isa = PBXFileReference; lastKnownFileType = wrapper.framework; name = XCTest.framework; path = Library/Frameworks/XCTest.framework; sourceTree = DEVELOPER_DIR; };
		5A002DB0185478BD00E324C2 /* eShopTests-Info.plist */ = {isa = PBXFileReference; lastKnownFileType = text.plist.xml; path = "eShopTests-Info.plist"; sourceTree = "<group>"; };
		5A002DB2185478BD00E324C2 /* en */ = {isa = PBXFileReference; lastKnownFileType = text.plist.strings; name = en; path = en.lproj/InfoPlist.strings; sourceTree = "<group>"; };
		5A002DB4185478BD00E324C2 /* eShopTests.m */ = {isa = PBXFileReference; lastKnownFileType = sourcecode.c.objc; path = eShopTests.m; sourceTree = "<group>"; };
		5A002DC218547C7E00E324C2 /* CShop.h */ = {isa = PBXFileReference; fileEncoding = 4; lastKnownFileType = sourcecode.c.h; name = CShop.h; path = Core/CShop.h; sourceTree = "<group>"; };
		5A002DC318547C7E00E324C2 /* CShop.m */ = {isa = PBXFileReference; fileEncoding = 4; lastKnownFileType = sourcecode.c.objc; name = CShop.m; path = Core/CShop.m; sourceTree = "<group>"; };
		5A002DC518547CE300E324C2 /* CCoreManager.h */ = {isa = PBXFileReference; fileEncoding = 4; lastKnownFileType = sourcecode.c.h; name = CCoreManager.h; path = Core/CCoreManager.h; sourceTree = "<group>"; };
		5A002DC618547CE300E324C2 /* CCoreManager.m */ = {isa = PBXFileReference; fileEncoding = 4; lastKnownFileType = sourcecode.c.objc; name = CCoreManager.m; path = Core/CCoreManager.m; sourceTree = "<group>"; };
		5A61FF68189D6160000FC585 /* common_bg.png */ = {isa = PBXFileReference; lastKnownFileType = image.png; path = common_bg.png; sourceTree = "<group>"; };
		5A61FF69189D6160000FC585 /* common_bg@2x.png */ = {isa = PBXFileReference; lastKnownFileType = image.png; path = "common_bg@2x.png"; sourceTree = "<group>"; };
		5A61FF6A189D6160000FC585 /* common_bgt.png */ = {isa = PBXFileReference; lastKnownFileType = image.png; path = common_bgt.png; sourceTree = "<group>"; };
		5A61FF6B189D6160000FC585 /* common_bgt@2x.png */ = {isa = PBXFileReference; lastKnownFileType = image.png; path = "common_bgt@2x.png"; sourceTree = "<group>"; };
		5A8FFE95185E353C00155799 /* AddProductToAShopVC.h */ = {isa = PBXFileReference; fileEncoding = 4; lastKnownFileType = sourcecode.c.h; name = AddProductToAShopVC.h; path = ViewControllers/AddProductToAShopVC.h; sourceTree = "<group>"; };
		5A8FFE96185E353C00155799 /* AddProductToAShopVC.m */ = {isa = PBXFileReference; fileEncoding = 4; lastKnownFileType = sourcecode.c.objc; name = AddProductToAShopVC.m; path = ViewControllers/AddProductToAShopVC.m; sourceTree = "<group>"; };
		5A9EC5D918B40B3900F9A4F2 /* AppIcon57x.png */ = {isa = PBXFileReference; lastKnownFileType = image.png; name = AppIcon57x.png; path = psd/AppIcon57x.png; sourceTree = "<group>"; };
		5AA88EF5186EBB4100E80D90 /* AddShop.h */ = {isa = PBXFileReference; fileEncoding = 4; lastKnownFileType = sourcecode.c.h; name = AddShop.h; path = ViewControllers/AddShop.h; sourceTree = "<group>"; };
		5AA88EF6186EBB4100E80D90 /* AddShop.m */ = {isa = PBXFileReference; fileEncoding = 4; lastKnownFileType = sourcecode.c.objc; name = AddShop.m; path = ViewControllers/AddShop.m; sourceTree = "<group>"; };
		5AA8993E189858FB005A813F /* GAI.h */ = {isa = PBXFileReference; lastKnownFileType = sourcecode.c.h; path = GAI.h; sourceTree = "<group>"; };
		5AA8993F189858FB005A813F /* GAIDictionaryBuilder.h */ = {isa = PBXFileReference; lastKnownFileType = sourcecode.c.h; path = GAIDictionaryBuilder.h; sourceTree = "<group>"; };
		5AA89940189858FB005A813F /* GAIFields.h */ = {isa = PBXFileReference; lastKnownFileType = sourcecode.c.h; path = GAIFields.h; sourceTree = "<group>"; };
		5AA89941189858FB005A813F /* GAILogger.h */ = {isa = PBXFileReference; lastKnownFileType = sourcecode.c.h; path = GAILogger.h; sourceTree = "<group>"; };
		5AA89942189858FB005A813F /* GAITrackedViewController.h */ = {isa = PBXFileReference; lastKnownFileType = sourcecode.c.h; path = GAITrackedViewController.h; sourceTree = "<group>"; };
		5AA89943189858FB005A813F /* GAITracker.h */ = {isa = PBXFileReference; lastKnownFileType = sourcecode.c.h; path = GAITracker.h; sourceTree = "<group>"; };
		5AA8994618985A5A005A813F /* libGoogleAnalyticsServices.a */ = {isa = PBXFileReference; lastKnownFileType = archive.ar; path = libGoogleAnalyticsServices.a; sourceTree = "<group>"; };
		5AA8994818985AF1005A813F /* CFNetwork.framework */ = {isa = PBXFileReference; lastKnownFileType = wrapper.framework; name = CFNetwork.framework; path = System/Library/Frameworks/CFNetwork.framework; sourceTree = SDKROOT; };
		5AA8994A18985BD8005A813F /* SystemConfiguration.framework */ = {isa = PBXFileReference; lastKnownFileType = wrapper.framework; name = SystemConfiguration.framework; path = System/Library/Frameworks/SystemConfiguration.framework; sourceTree = SDKROOT; };
		5AA8994C18985BEB005A813F /* AVFoundation.framework */ = {isa = PBXFileReference; lastKnownFileType = wrapper.framework; name = AVFoundation.framework; path = System/Library/Frameworks/AVFoundation.framework; sourceTree = SDKROOT; };
		5AA8994E18985C01005A813F /* CoreData.framework */ = {isa = PBXFileReference; lastKnownFileType = wrapper.framework; name = CoreData.framework; path = System/Library/Frameworks/CoreData.framework; sourceTree = SDKROOT; };
		5AA8D83D1862200C0086C605 /* EditShopVC.h */ = {isa = PBXFileReference; fileEncoding = 4; lastKnownFileType = sourcecode.c.h; name = EditShopVC.h; path = ViewControllers/EditShopVC.h; sourceTree = "<group>"; };
		5AA8D83E1862200C0086C605 /* EditShopVC.m */ = {isa = PBXFileReference; fileEncoding = 4; lastKnownFileType = sourcecode.c.objc; name = EditShopVC.m; path = ViewControllers/EditShopVC.m; sourceTree = "<group>"; };
		5AA8D840186226BA0086C605 /* Localizable.strings */ = {isa = PBXFileReference; fileEncoding = 4; lastKnownFileType = text.plist.strings; path = Localizable.strings; sourceTree = "<group>"; };
		5AAAAB311856507F00319E87 /* libsqlite3.dylib */ = {isa = PBXFileReference; lastKnownFileType = "compiled.mach-o.dylib"; name = libsqlite3.dylib; path = usr/lib/libsqlite3.dylib; sourceTree = SDKROOT; };
		5AAAAB341856515F00319E87 /* CDatabase.h */ = {isa = PBXFileReference; fileEncoding = 4; lastKnownFileType = sourcecode.c.h; name = CDatabase.h; path = Database/CDatabase.h; sourceTree = "<group>"; };
		5AAAAB351856515F00319E87 /* CDatabase.m */ = {isa = PBXFileReference; fileEncoding = 4; lastKnownFileType = sourcecode.c.objc; name = CDatabase.m; path = Database/CDatabase.m; sourceTree = "<group>"; };
		5AAAAB371856578600319E87 /* libsqlite3.0.dylib */ = {isa = PBXFileReference; lastKnownFileType = "compiled.mach-o.dylib"; name = libsqlite3.0.dylib; path = usr/lib/libsqlite3.0.dylib; sourceTree = SDKROOT; };
		5AB6C5411858FA020009A1D6 /* TODO.txt */ = {isa = PBXFileReference; fileEncoding = 4; lastKnownFileType = text; path = TODO.txt; sourceTree = SOURCE_ROOT; };
		5ABA7A06186D698500883EA2 /* SetupVC.h */ = {isa = PBXFileReference; fileEncoding = 4; lastKnownFileType = sourcecode.c.h; name = SetupVC.h; path = ViewControllers/SetupVC.h; sourceTree = "<group>"; };
		5ABA7A07186D698500883EA2 /* SetupVC.m */ = {isa = PBXFileReference; fileEncoding = 4; lastKnownFileType = sourcecode.c.objc; name = SetupVC.m; path = ViewControllers/SetupVC.m; sourceTree = "<group>"; };
		5ABA7A0A186D71D200883EA2 /* AddProductVC.h */ = {isa = PBXFileReference; fileEncoding = 4; lastKnownFileType = sourcecode.c.h; name = AddProductVC.h; path = ViewControllers/AddProductVC.h; sourceTree = "<group>"; };
		5ABA7A0B186D71D200883EA2 /* AddProductVC.m */ = {isa = PBXFileReference; fileEncoding = 4; lastKnownFileType = sourcecode.c.objc; name = AddProductVC.m; path = ViewControllers/AddProductVC.m; sourceTree = "<group>"; };
		5ACD16F2186357D9003C83EA /* CProduct.h */ = {isa = PBXFileReference; fileEncoding = 4; lastKnownFileType = sourcecode.c.h; name = CProduct.h; path = Core/CProduct.h; sourceTree = "<group>"; };
		5ACD16F3186357D9003C83EA /* CProduct.m */ = {isa = PBXFileReference; fileEncoding = 4; lastKnownFileType = sourcecode.c.objc; name = CProduct.m; path = Core/CProduct.m; sourceTree = "<group>"; };
		5ACD16F6186360CA003C83EA /* ProductListVC.h */ = {isa = PBXFileReference; fileEncoding = 4; lastKnownFileType = sourcecode.c.h; name = ProductListVC.h; path = ViewControllers/ProductListVC.h; sourceTree = "<group>"; };
		5ACD16F7186360CA003C83EA /* ProductListVC.m */ = {isa = PBXFileReference; fileEncoding = 4; lastKnownFileType = sourcecode.c.objc; name = ProductListVC.m; path = ViewControllers/ProductListVC.m; sourceTree = "<group>"; };
		5ACD16F9186363BC003C83EA /* ProductViewCell.h */ = {isa = PBXFileReference; fileEncoding = 4; lastKnownFileType = sourcecode.c.h; name = ProductViewCell.h; path = ViewControllers/ProductViewCell.h; sourceTree = "<group>"; };
		5ACD16FA186363BC003C83EA /* ProductViewCell.m */ = {isa = PBXFileReference; fileEncoding = 4; lastKnownFileType = sourcecode.c.objc; name = ProductViewCell.m; path = ViewControllers/ProductViewCell.m; sourceTree = "<group>"; };
		5ACD16FD18636AF2003C83EA /* AddShopToAProductVC.h */ = {isa = PBXFileReference; fileEncoding = 4; lastKnownFileType = sourcecode.c.h; name = AddShopToAProductVC.h; path = ViewControllers/AddShopToAProductVC.h; sourceTree = "<group>"; };
		5ACD16FE18636AF2003C83EA /* AddShopToAProductVC.m */ = {isa = PBXFileReference; fileEncoding = 4; lastKnownFileType = sourcecode.c.objc; name = AddShopToAProductVC.m; path = ViewControllers/AddShopToAProductVC.m; sourceTree = "<group>"; };
		5ACD17011863800C003C83EA /* ProductListPricesVC.h */ = {isa = PBXFileReference; fileEncoding = 4; lastKnownFileType = sourcecode.c.h; name = ProductListPricesVC.h; path = ViewControllers/ProductListPricesVC.h; sourceTree = "<group>"; };
		5ACD17021863800C003C83EA /* ProductListPricesVC.m */ = {isa = PBXFileReference; fileEncoding = 4; lastKnownFileType = sourcecode.c.objc; name = ProductListPricesVC.m; path = ViewControllers/ProductListPricesVC.m; sourceTree = "<group>"; };
		5ACD17041863804F003C83EA /* ProductPriceCell.h */ = {isa = PBXFileReference; fileEncoding = 4; lastKnownFileType = sourcecode.c.h; name = ProductPriceCell.h; path = ViewControllers/ProductPriceCell.h; sourceTree = "<group>"; };
		5ACD17051863804F003C83EA /* ProductPriceCell.m */ = {isa = PBXFileReference; fileEncoding = 4; lastKnownFileType = sourcecode.c.objc; name = ProductPriceCell.m; path = ViewControllers/ProductPriceCell.m; sourceTree = "<group>"; };
		5ACF79E218A01A3000B514B9 /* QuartzCore.framework */ = {isa = PBXFileReference; lastKnownFileType = wrapper.framework; name = QuartzCore.framework; path = System/Library/Frameworks/QuartzCore.framework; sourceTree = SDKROOT; };
		5ACF79E618A01CA400B514B9 /* BarCodeReaderVC.h */ = {isa = PBXFileReference; fileEncoding = 4; lastKnownFileType = sourcecode.c.h; name = BarCodeReaderVC.h; path = ViewControllers/BarCodeReaderVC.h; sourceTree = "<group>"; };
		5ACF79E718A01CA400B514B9 /* BarCodeReaderVC.m */ = {isa = PBXFileReference; fileEncoding = 4; lastKnownFileType = sourcecode.c.objc; name = BarCodeReaderVC.m; path = ViewControllers/BarCodeReaderVC.m; sourceTree = "<group>"; };
		5AD3F753185A316600950BC1 /* ShopViewCell.h */ = {isa = PBXFileReference; fileEncoding = 4; lastKnownFileType = sourcecode.c.h; name = ShopViewCell.h; path = ViewControllers/ShopViewCell.h; sourceTree = "<group>"; };
		5AD3F754185A316600950BC1 /* ShopViewCell.m */ = {isa = PBXFileReference; fileEncoding = 4; lastKnownFileType = sourcecode.c.objc; name = ShopViewCell.m; path = ViewControllers/ShopViewCell.m; sourceTree = "<group>"; };
		5AD9AB3818B92BD50064C61A /* CRemoteDatabase.h */ = {isa = PBXFileReference; fileEncoding = 4; lastKnownFileType = sourcecode.c.h; name = CRemoteDatabase.h; path = Database/CRemoteDatabase.h; sourceTree = "<group>"; };
		5AD9AB3918B92BD50064C61A /* CRemoteDatabase.m */ = {isa = PBXFileReference; fileEncoding = 4; lastKnownFileType = sourcecode.c.objc; name = CRemoteDatabase.m; path = Database/CRemoteDatabase.m; sourceTree = "<group>"; };
		5ADAAA94185DCC770080C816 /* CProductPrice.h */ = {isa = PBXFileReference; fileEncoding = 4; lastKnownFileType = sourcecode.c.h; name = CProductPrice.h; path = Core/CProductPrice.h; sourceTree = "<group>"; };
		5ADAAA95185DCC770080C816 /* CProductPrice.m */ = {isa = PBXFileReference; fileEncoding = 4; lastKnownFileType = sourcecode.c.objc; name = CProductPrice.m; path = Core/CProductPrice.m; sourceTree = "<group>"; };
		5ADAAA99185DF2120080C816 /* ShopListPricesVC.h */ = {isa = PBXFileReference; fileEncoding = 4; lastKnownFileType = sourcecode.c.h; name = ShopListPricesVC.h; path = ViewControllers/ShopListPricesVC.h; sourceTree = "<group>"; };
		5ADAAA9A185DF2120080C816 /* ShopListPricesVC.m */ = {isa = PBXFileReference; fileEncoding = 4; lastKnownFileType = sourcecode.c.objc; name = ShopListPricesVC.m; path = ViewControllers/ShopListPricesVC.m; sourceTree = "<group>"; };
		5ADAAA9C185DF28F0080C816 /* ShopPriceCell.h */ = {isa = PBXFileReference; fileEncoding = 4; lastKnownFileType = sourcecode.c.h; name = ShopPriceCell.h; path = ViewControllers/ShopPriceCell.h; sourceTree = "<group>"; };
		5ADAAA9D185DF28F0080C816 /* ShopPriceCell.m */ = {isa = PBXFileReference; fileEncoding = 4; lastKnownFileType = sourcecode.c.objc; name = ShopPriceCell.m; path = ViewControllers/ShopPriceCell.m; sourceTree = "<group>"; };
		5ADCBEB9186C1FA80085920E /* EditProductVC.h */ = {isa = PBXFileReference; fileEncoding = 4; lastKnownFileType = sourcecode.c.h; name = EditProductVC.h; path = ViewControllers/EditProductVC.h; sourceTree = "<group>"; };
		5ADCBEBA186C1FA80085920E /* EditProductVC.m */ = {isa = PBXFileReference; fileEncoding = 4; lastKnownFileType = sourcecode.c.objc; name = EditProductVC.m; path = ViewControllers/EditProductVC.m; sourceTree = "<group>"; };
		5AE4C5A018B29A95000A361D /* MinPriceCell.h */ = {isa = PBXFileReference; fileEncoding = 4; lastKnownFileType = sourcecode.c.h; name = MinPriceCell.h; path = ViewControllers/MinPriceCell.h; sourceTree = "<group>"; };
		5AE4C5A118B29A95000A361D /* MinPriceCell.m */ = {isa = PBXFileReference; fileEncoding = 4; lastKnownFileType = sourcecode.c.objc; name = MinPriceCell.m; path = ViewControllers/MinPriceCell.m; sourceTree = "<group>"; };
/* End PBXFileReference section */

/* Begin PBXFrameworksBuildPhase section */
		5A002D80185478BD00E324C2 /* Frameworks */ = {
			isa = PBXFrameworksBuildPhase;
			buildActionMask = 2147483647;
			files = (
				5ACF79E318A01A3000B514B9 /* QuartzCore.framework in Frameworks */,
				5AA8994F18985C01005A813F /* CoreData.framework in Frameworks */,
				5AA8994D18985BEB005A813F /* AVFoundation.framework in Frameworks */,
				5AA8994B18985BD8005A813F /* SystemConfiguration.framework in Frameworks */,
				5AA8994918985AF1005A813F /* CFNetwork.framework in Frameworks */,
				5AAAAB381856578600319E87 /* libsqlite3.0.dylib in Frameworks */,
				5A002D89185478BD00E324C2 /* CoreGraphics.framework in Frameworks */,
				5A002D8B185478BD00E324C2 /* UIKit.framework in Frameworks */,
				5AA8994718985A5A005A813F /* libGoogleAnalyticsServices.a in Frameworks */,
				5A002D87185478BD00E324C2 /* Foundation.framework in Frameworks */,
			);
			runOnlyForDeploymentPostprocessing = 0;
		};
		5A002DA4185478BD00E324C2 /* Frameworks */ = {
			isa = PBXFrameworksBuildPhase;
			buildActionMask = 2147483647;
			files = (
				5A002DA9185478BD00E324C2 /* XCTest.framework in Frameworks */,
				5A002DAB185478BD00E324C2 /* UIKit.framework in Frameworks */,
				5A002DAA185478BD00E324C2 /* Foundation.framework in Frameworks */,
			);
			runOnlyForDeploymentPostprocessing = 0;
		};
/* End PBXFrameworksBuildPhase section */

/* Begin PBXGroup section */
		5A002D7A185478BD00E324C2 = {
			isa = PBXGroup;
			children = (
				5A9EC5D918B40B3900F9A4F2 /* AppIcon57x.png */,
				5A002D8C185478BD00E324C2 /* eShop */,
				5A002DAE185478BD00E324C2 /* eShopTests */,
				5A002D85185478BD00E324C2 /* Frameworks */,
				5A002D84185478BD00E324C2 /* Products */,
			);
			sourceTree = "<group>";
		};
		5A002D84185478BD00E324C2 /* Products */ = {
			isa = PBXGroup;
			children = (
				5A002D83185478BD00E324C2 /* eShop.app */,
				5A002DA7185478BD00E324C2 /* eShopTests.xctest */,
			);
			name = Products;
			sourceTree = "<group>";
		};
		5A002D85185478BD00E324C2 /* Frameworks */ = {
			isa = PBXGroup;
			children = (
				5ACF79E218A01A3000B514B9 /* QuartzCore.framework */,
				5AA8994E18985C01005A813F /* CoreData.framework */,
				5AA8994C18985BEB005A813F /* AVFoundation.framework */,
				5AA8994A18985BD8005A813F /* SystemConfiguration.framework */,
				5AA8994818985AF1005A813F /* CFNetwork.framework */,
				5AAAAB371856578600319E87 /* libsqlite3.0.dylib */,
				5AAAAB311856507F00319E87 /* libsqlite3.dylib */,
				5A002D86185478BD00E324C2 /* Foundation.framework */,
				5A002D88185478BD00E324C2 /* CoreGraphics.framework */,
				5A002D8A185478BD00E324C2 /* UIKit.framework */,
				5A002DA8185478BD00E324C2 /* XCTest.framework */,
			);
			name = Frameworks;
			sourceTree = "<group>";
		};
		5A002D8C185478BD00E324C2 /* eShop */ = {
			isa = PBXGroup;
			children = (
				5AD3F752185A25A800950BC1 /* ViewControllers */,
				5ACF79E418A01AC000B514B9 /* BarCodeReader */,
				5AC11A23189C1CA5005084C8 /* Images */,
				5AA8993D189858D0005A813F /* Google Analytics */,
				5AB6C5411858FA020009A1D6 /* TODO.txt */,
				5AAAAB331856513700319E87 /* Database */,
				5A002DBE1854791300E324C2 /* Model */,
				5A002D95185478BD00E324C2 /* AppDelegate.h */,
				5A002D96185478BD00E324C2 /* AppDelegate.m */,
				5A002D98185478BD00E324C2 /* Main.storyboard */,
				5A002DA1185478BD00E324C2 /* Images.xcassets */,
				5A002D8D185478BD00E324C2 /* Supporting Files */,
				5AA8D840186226BA0086C605 /* Localizable.strings */,
			);
			path = eShop;
			sourceTree = "<group>";
		};
		5A002D8D185478BD00E324C2 /* Supporting Files */ = {
			isa = PBXGroup;
			children = (
				5A002D8E185478BD00E324C2 /* eShop-Info.plist */,
				5A002D8F185478BD00E324C2 /* InfoPlist.strings */,
				5A002D92185478BD00E324C2 /* main.m */,
				5A002D94185478BD00E324C2 /* eShop-Prefix.pch */,
			);
			name = "Supporting Files";
			sourceTree = "<group>";
		};
		5A002DAE185478BD00E324C2 /* eShopTests */ = {
			isa = PBXGroup;
			children = (
				5A002DB4185478BD00E324C2 /* eShopTests.m */,
				5A002DAF185478BD00E324C2 /* Supporting Files */,
			);
			path = eShopTests;
			sourceTree = "<group>";
		};
		5A002DAF185478BD00E324C2 /* Supporting Files */ = {
			isa = PBXGroup;
			children = (
				5A002DB0185478BD00E324C2 /* eShopTests-Info.plist */,
				5A002DB1185478BD00E324C2 /* InfoPlist.strings */,
			);
			name = "Supporting Files";
			sourceTree = "<group>";
		};
		5A002DBE1854791300E324C2 /* Model */ = {
			isa = PBXGroup;
			children = (
				5A002DC518547CE300E324C2 /* CCoreManager.h */,
				5A002DC618547CE300E324C2 /* CCoreManager.m */,
				5A002DC218547C7E00E324C2 /* CShop.h */,
				5A002DC318547C7E00E324C2 /* CShop.m */,
				5ADAAA94185DCC770080C816 /* CProductPrice.h */,
				5ADAAA95185DCC770080C816 /* CProductPrice.m */,
				5ACD16F2186357D9003C83EA /* CProduct.h */,
				5ACD16F3186357D9003C83EA /* CProduct.m */,
			);
			name = Model;
			sourceTree = "<group>";
		};
		5A8FFE94185E34E800155799 /* AddProductToAShop */ = {
			isa = PBXGroup;
			children = (
				5A8FFE95185E353C00155799 /* AddProductToAShopVC.h */,
				5A8FFE96185E353C00155799 /* AddProductToAShopVC.m */,
			);
			name = AddProductToAShop;
			sourceTree = "<group>";
		};
		5AA88EF4186EBAFE00E80D90 /* AddShop */ = {
			isa = PBXGroup;
			children = (
				5AA88EF5186EBB4100E80D90 /* AddShop.h */,
				5AA88EF6186EBB4100E80D90 /* AddShop.m */,
			);
			name = AddShop;
			sourceTree = "<group>";
		};
		5AA8993D189858D0005A813F /* Google Analytics */ = {
			isa = PBXGroup;
			children = (
				5AA8994618985A5A005A813F /* libGoogleAnalyticsServices.a */,
				5AA8993E189858FB005A813F /* GAI.h */,
				5AA8993F189858FB005A813F /* GAIDictionaryBuilder.h */,
				5AA89940189858FB005A813F /* GAIFields.h */,
				5AA89941189858FB005A813F /* GAILogger.h */,
				5AA89942189858FB005A813F /* GAITrackedViewController.h */,
				5AA89943189858FB005A813F /* GAITracker.h */,
			);
			name = "Google Analytics";
			sourceTree = "<group>";
		};
		5AA8D83C18621FDB0086C605 /* EditShop */ = {
			isa = PBXGroup;
			children = (
				5AA8D83D1862200C0086C605 /* EditShopVC.h */,
				5AA8D83E1862200C0086C605 /* EditShopVC.m */,
			);
			name = EditShop;
			sourceTree = "<group>";
		};
		5AAAAB331856513700319E87 /* Database */ = {
			isa = PBXGroup;
			children = (
				5AAAAB341856515F00319E87 /* CDatabase.h */,
				5AAAAB351856515F00319E87 /* CDatabase.m */,
				5AD9AB3818B92BD50064C61A /* CRemoteDatabase.h */,
				5AD9AB3918B92BD50064C61A /* CRemoteDatabase.m */,
			);
			name = Database;
			sourceTree = "<group>";
		};
		5ABA7A05186D696200883EA2 /* Setup */ = {
			isa = PBXGroup;
			children = (
				5ABA7A06186D698500883EA2 /* SetupVC.h */,
				5ABA7A07186D698500883EA2 /* SetupVC.m */,
			);
			name = Setup;
			sourceTree = "<group>";
		};
		5ABA7A09186D703900883EA2 /* AddProduct */ = {
			isa = PBXGroup;
			children = (
				5ABA7A0A186D71D200883EA2 /* AddProductVC.h */,
				5ABA7A0B186D71D200883EA2 /* AddProductVC.m */,
			);
			name = AddProduct;
			sourceTree = "<group>";
		};
		5AC11A23189C1CA5005084C8 /* Images */ = {
			isa = PBXGroup;
			children = (
				5A61FF68189D6160000FC585 /* common_bg.png */,
				5A61FF69189D6160000FC585 /* common_bg@2x.png */,
				5A61FF6A189D6160000FC585 /* common_bgt.png */,
				5A61FF6B189D6160000FC585 /* common_bgt@2x.png */,
			);
			name = Images;
			sourceTree = "<group>";
		};
		5ACD16F518636079003C83EA /* ProductList */ = {
			isa = PBXGroup;
			children = (
				5ACD16F6186360CA003C83EA /* ProductListVC.h */,
				5ACD16F7186360CA003C83EA /* ProductListVC.m */,
				5ACD16F9186363BC003C83EA /* ProductViewCell.h */,
				5ACD16FA186363BC003C83EA /* ProductViewCell.m */,
			);
			name = ProductList;
			sourceTree = "<group>";
		};
		5ACD16FC18636A75003C83EA /* AddShopToAProduct */ = {
			isa = PBXGroup;
			children = (
				5ACD16FD18636AF2003C83EA /* AddShopToAProductVC.h */,
				5ACD16FE18636AF2003C83EA /* AddShopToAProductVC.m */,
			);
			name = AddShopToAProduct;
			sourceTree = "<group>";
		};
		5ACD170018637F80003C83EA /* ProductListPrices */ = {
			isa = PBXGroup;
			children = (
				5ACD17011863800C003C83EA /* ProductListPricesVC.h */,
				5ACD17021863800C003C83EA /* ProductListPricesVC.m */,
				5ACD17041863804F003C83EA /* ProductPriceCell.h */,
				5ACD17051863804F003C83EA /* ProductPriceCell.m */,
			);
			name = ProductListPrices;
			sourceTree = "<group>";
		};
		5ACF79E418A01AC000B514B9 /* BarCodeReader */ = {
			isa = PBXGroup;
			children = (
			);
			name = BarCodeReader;
			sourceTree = "<group>";
		};
		5ACF79E518A01C6600B514B9 /* BarCodeReader */ = {
			isa = PBXGroup;
			children = (
				5ACF79E618A01CA400B514B9 /* BarCodeReaderVC.h */,
				5ACF79E718A01CA400B514B9 /* BarCodeReaderVC.m */,
			);
			name = BarCodeReader;
			sourceTree = "<group>";
		};
		5AD3F752185A25A800950BC1 /* ViewControllers */ = {
			isa = PBXGroup;
			children = (
				5AE4C59F18B29703000A361D /* MinPriceList */,
				5ACF79E518A01C6600B514B9 /* BarCodeReader */,
				5AA88EF4186EBAFE00E80D90 /* AddShop */,
				5ABA7A09186D703900883EA2 /* AddProduct */,
				5ABA7A05186D696200883EA2 /* Setup */,
				5ACD16FC18636A75003C83EA /* AddShopToAProduct */,
				5ACD16F518636079003C83EA /* ProductList */,
				5ADCBEB8186C1F710085920E /* EditProduct */,
				5AA8D83C18621FDB0086C605 /* EditShop */,
				5A8FFE94185E34E800155799 /* AddProductToAShop */,
				5ACD170018637F80003C83EA /* ProductListPrices */,
				5ADAAA98185DF1A30080C816 /* ShopListPrices */,
				5ADAAA97185DF18F0080C816 /* ShopList */,
			);
			name = ViewControllers;
			sourceTree = "<group>";
		};
		5ADAAA97185DF18F0080C816 /* ShopList */ = {
			isa = PBXGroup;
			children = (
				5A002D9B185478BD00E324C2 /* ShopsListVC.h */,
				5A002D9C185478BD00E324C2 /* ShopsListVC.m */,
				5AD3F753185A316600950BC1 /* ShopViewCell.h */,
				5AD3F754185A316600950BC1 /* ShopViewCell.m */,
			);
			name = ShopList;
			sourceTree = "<group>";
		};
		5ADAAA98185DF1A30080C816 /* ShopListPrices */ = {
			isa = PBXGroup;
			children = (
				5ADAAA99185DF2120080C816 /* ShopListPricesVC.h */,
				5ADAAA9A185DF2120080C816 /* ShopListPricesVC.m */,
				5ADAAA9C185DF28F0080C816 /* ShopPriceCell.h */,
				5ADAAA9D185DF28F0080C816 /* ShopPriceCell.m */,
			);
			name = ShopListPrices;
			sourceTree = "<group>";
		};
		5ADCBEB8186C1F710085920E /* EditProduct */ = {
			isa = PBXGroup;
			children = (
				5ADCBEB9186C1FA80085920E /* EditProductVC.h */,
				5ADCBEBA186C1FA80085920E /* EditProductVC.m */,
			);
			name = EditProduct;
			sourceTree = "<group>";
		};
		5AE4C59F18B29703000A361D /* MinPriceList */ = {
			isa = PBXGroup;
			children = (
				5A002D9E185478BD00E324C2 /* MinPriceList.h */,
				5A002D9F185478BD00E324C2 /* MinPriceList.m */,
				5AE4C5A018B29A95000A361D /* MinPriceCell.h */,
				5AE4C5A118B29A95000A361D /* MinPriceCell.m */,
			);
			name = MinPriceList;
			sourceTree = "<group>";
		};
/* End PBXGroup section */

/* Begin PBXNativeTarget section */
		5A002D82185478BD00E324C2 /* eShop */ = {
			isa = PBXNativeTarget;
			buildConfigurationList = 5A002DB8185478BD00E324C2 /* Build configuration list for PBXNativeTarget "eShop" */;
			buildPhases = (
				5A002D7F185478BD00E324C2 /* Sources */,
				5A002D80185478BD00E324C2 /* Frameworks */,
				5A002D81185478BD00E324C2 /* Resources */,
			);
			buildRules = (
			);
			dependencies = (
			);
			name = eShop;
			productName = eShop;
			productReference = 5A002D83185478BD00E324C2 /* eShop.app */;
			productType = "com.apple.product-type.application";
		};
		5A002DA6185478BD00E324C2 /* eShopTests */ = {
			isa = PBXNativeTarget;
			buildConfigurationList = 5A002DBB185478BD00E324C2 /* Build configuration list for PBXNativeTarget "eShopTests" */;
			buildPhases = (
				5A002DA3185478BD00E324C2 /* Sources */,
				5A002DA4185478BD00E324C2 /* Frameworks */,
				5A002DA5185478BD00E324C2 /* Resources */,
			);
			buildRules = (
			);
			dependencies = (
				5A002DAD185478BD00E324C2 /* PBXTargetDependency */,
			);
			name = eShopTests;
			productName = eShopTests;
			productReference = 5A002DA7185478BD00E324C2 /* eShopTests.xctest */;
			productType = "com.apple.product-type.bundle.unit-test";
		};
/* End PBXNativeTarget section */

/* Begin PBXProject section */
		5A002D7B185478BD00E324C2 /* Project object */ = {
			isa = PBXProject;
			attributes = {
				LastUpgradeCheck = 0500;
				ORGANIZATIONNAME = "JAVIER CALATRAVA LLAVERIA";
				TargetAttributes = {
					5A002DA6185478BD00E324C2 = {
						TestTargetID = 5A002D82185478BD00E324C2;
					};
				};
			};
			buildConfigurationList = 5A002D7E185478BD00E324C2 /* Build configuration list for PBXProject "eShop" */;
			compatibilityVersion = "Xcode 3.2";
			developmentRegion = English;
			hasScannedForEncodings = 0;
			knownRegions = (
				en,
				Base,
			);
			mainGroup = 5A002D7A185478BD00E324C2;
			productRefGroup = 5A002D84185478BD00E324C2 /* Products */;
			projectDirPath = "";
			projectRoot = "";
			targets = (
				5A002D82185478BD00E324C2 /* eShop */,
				5A002DA6185478BD00E324C2 /* eShopTests */,
			);
		};
/* End PBXProject section */

/* Begin PBXResourcesBuildPhase section */
		5A002D81185478BD00E324C2 /* Resources */ = {
			isa = PBXResourcesBuildPhase;
			buildActionMask = 2147483647;
			files = (
				5AA8D841186226BA0086C605 /* Localizable.strings in Resources */,
				5AB6C5421858FA020009A1D6 /* TODO.txt in Resources */,
				5A002DA2185478BD00E324C2 /* Images.xcassets in Resources */,
				5A61FF6D189D6160000FC585 /* common_bg@2x.png in Resources */,
				5A002D91185478BD00E324C2 /* InfoPlist.strings in Resources */,
				5A002D9A185478BD00E324C2 /* Main.storyboard in Resources */,
				5A61FF6E189D6160000FC585 /* common_bgt.png in Resources */,
				5A61FF6C189D6160000FC585 /* common_bg.png in Resources */,
				5A61FF6F189D6160000FC585 /* common_bgt@2x.png in Resources */,
			);
			runOnlyForDeploymentPostprocessing = 0;
		};
		5A002DA5185478BD00E324C2 /* Resources */ = {
			isa = PBXResourcesBuildPhase;
			buildActionMask = 2147483647;
			files = (
				5A002DB3185478BD00E324C2 /* InfoPlist.strings in Resources */,
			);
			runOnlyForDeploymentPostprocessing = 0;
		};
/* End PBXResourcesBuildPhase section */

/* Begin PBXSourcesBuildPhase section */
		5A002D7F185478BD00E324C2 /* Sources */ = {
			isa = PBXSourcesBuildPhase;
			buildActionMask = 2147483647;
			files = (
				5AA8D83F1862200C0086C605 /* EditShopVC.m in Sources */,
				5A002DC418547C7E00E324C2 /* CShop.m in Sources */,
				5AD9AB3A18B92BD50064C61A /* CRemoteDatabase.m in Sources */,
				5AAAAB361856515F00319E87 /* CDatabase.m in Sources */,
				5ADAAA9B185DF2120080C816 /* ShopListPricesVC.m in Sources */,
				5A002DA0185478BD00E324C2 /* MinPriceList.m in Sources */,
				5AE4C5A218B29A95000A361D /* MinPriceCell.m in Sources */,
				5ACD16F4186357D9003C83EA /* CProduct.m in Sources */,
				5ADCBEBB186C1FA80085920E /* EditProductVC.m in Sources */,
				5ACD17031863800C003C83EA /* ProductListPricesVC.m in Sources */,
				5ACF79E818A01CA400B514B9 /* BarCodeReaderVC.m in Sources */,
				5ADAAA9E185DF28F0080C816 /* ShopPriceCell.m in Sources */,
				5A8FFE97185E353C00155799 /* AddProductToAShopVC.m in Sources */,
				5ACD16FF18636AF2003C83EA /* AddShopToAProductVC.m in Sources */,
				5ACD16FB186363BC003C83EA /* ProductViewCell.m in Sources */,
				5AA88EF7186EBB4100E80D90 /* AddShop.m in Sources */,
				5A002D97185478BD00E324C2 /* AppDelegate.m in Sources */,
				5A002D9D185478BD00E324C2 /* ShopsListVC.m in Sources */,
				5ABA7A0C186D71D200883EA2 /* AddProductVC.m in Sources */,
				5A002DC718547CE300E324C2 /* CCoreManager.m in Sources */,
				5ADAAA96185DCC770080C816 /* CProductPrice.m in Sources */,
				5ACD17061863804F003C83EA /* ProductPriceCell.m in Sources */,
				5AD3F755185A316600950BC1 /* ShopViewCell.m in Sources */,
				5ACD16F8186360CA003C83EA /* ProductListVC.m in Sources */,
				5A002D93185478BD00E324C2 /* main.m in Sources */,
				5ABA7A08186D698500883EA2 /* SetupVC.m in Sources */,
			);
			runOnlyForDeploymentPostprocessing = 0;
		};
		5A002DA3185478BD00E324C2 /* Sources */ = {
			isa = PBXSourcesBuildPhase;
			buildActionMask = 2147483647;
			files = (
				5A002DB5185478BD00E324C2 /* eShopTests.m in Sources */,
			);
			runOnlyForDeploymentPostprocessing = 0;
		};
/* End PBXSourcesBuildPhase section */

/* Begin PBXTargetDependency section */
		5A002DAD185478BD00E324C2 /* PBXTargetDependency */ = {
			isa = PBXTargetDependency;
			target = 5A002D82185478BD00E324C2 /* eShop */;
			targetProxy = 5A002DAC185478BD00E324C2 /* PBXContainerItemProxy */;
		};
/* End PBXTargetDependency section */

/* Begin PBXVariantGroup section */
		5A002D8F185478BD00E324C2 /* InfoPlist.strings */ = {
			isa = PBXVariantGroup;
			children = (
				5A002D90185478BD00E324C2 /* en */,
			);
			name = InfoPlist.strings;
			sourceTree = "<group>";
		};
		5A002D98185478BD00E324C2 /* Main.storyboard */ = {
			isa = PBXVariantGroup;
			children = (
				5A002D99185478BD00E324C2 /* Base */,
			);
			name = Main.storyboard;
			sourceTree = "<group>";
		};
		5A002DB1185478BD00E324C2 /* InfoPlist.strings */ = {
			isa = PBXVariantGroup;
			children = (
				5A002DB2185478BD00E324C2 /* en */,
			);
			name = InfoPlist.strings;
			sourceTree = "<group>";
		};
/* End PBXVariantGroup section */

/* Begin XCBuildConfiguration section */
		5A002DB6185478BD00E324C2 /* Debug */ = {
			isa = XCBuildConfiguration;
			buildSettings = {
				ALWAYS_SEARCH_USER_PATHS = NO;
				ARCHS = "$(ARCHS_STANDARD_INCLUDING_64_BIT)";
				CLANG_CXX_LANGUAGE_STANDARD = "gnu++0x";
				CLANG_CXX_LIBRARY = "libc++";
				CLANG_ENABLE_MODULES = YES;
				CLANG_ENABLE_OBJC_ARC = YES;
				CLANG_WARN_BOOL_CONVERSION = YES;
				CLANG_WARN_CONSTANT_CONVERSION = YES;
				CLANG_WARN_DIRECT_OBJC_ISA_USAGE = YES_ERROR;
				CLANG_WARN_EMPTY_BODY = YES;
				CLANG_WARN_ENUM_CONVERSION = YES;
				CLANG_WARN_INT_CONVERSION = YES;
				CLANG_WARN_OBJC_ROOT_CLASS = YES_ERROR;
				CLANG_WARN__DUPLICATE_METHOD_MATCH = YES;
				"CODE_SIGN_IDENTITY[sdk=iphoneos*]" = "iPhone Developer";
				COPY_PHASE_STRIP = NO;
				GCC_C_LANGUAGE_STANDARD = gnu99;
				GCC_DYNAMIC_NO_PIC = NO;
				GCC_OPTIMIZATION_LEVEL = 0;
				GCC_PREPROCESSOR_DEFINITIONS = (
					"DEBUG=1",
					"$(inherited)",
				);
				GCC_SYMBOLS_PRIVATE_EXTERN = NO;
				GCC_WARN_64_TO_32_BIT_CONVERSION = YES;
				GCC_WARN_ABOUT_RETURN_TYPE = YES_ERROR;
				GCC_WARN_UNDECLARED_SELECTOR = YES;
				GCC_WARN_UNINITIALIZED_AUTOS = YES;
				GCC_WARN_UNUSED_FUNCTION = YES;
				GCC_WARN_UNUSED_VARIABLE = YES;
				IPHONEOS_DEPLOYMENT_TARGET = 6.1;
				ONLY_ACTIVE_ARCH = YES;
				SDKROOT = iphoneos;
			};
			name = Debug;
		};
		5A002DB7185478BD00E324C2 /* Release */ = {
			isa = XCBuildConfiguration;
			buildSettings = {
				ALWAYS_SEARCH_USER_PATHS = NO;
				ARCHS = "$(ARCHS_STANDARD_INCLUDING_64_BIT)";
				CLANG_CXX_LANGUAGE_STANDARD = "gnu++0x";
				CLANG_CXX_LIBRARY = "libc++";
				CLANG_ENABLE_MODULES = YES;
				CLANG_ENABLE_OBJC_ARC = YES;
				CLANG_WARN_BOOL_CONVERSION = YES;
				CLANG_WARN_CONSTANT_CONVERSION = YES;
				CLANG_WARN_DIRECT_OBJC_ISA_USAGE = YES_ERROR;
				CLANG_WARN_EMPTY_BODY = YES;
				CLANG_WARN_ENUM_CONVERSION = YES;
				CLANG_WARN_INT_CONVERSION = YES;
				CLANG_WARN_OBJC_ROOT_CLASS = YES_ERROR;
				CLANG_WARN__DUPLICATE_METHOD_MATCH = YES;
				"CODE_SIGN_IDENTITY[sdk=iphoneos*]" = "iPhone Developer";
				COPY_PHASE_STRIP = YES;
				ENABLE_NS_ASSERTIONS = NO;
				GCC_C_LANGUAGE_STANDARD = gnu99;
				GCC_WARN_64_TO_32_BIT_CONVERSION = YES;
				GCC_WARN_ABOUT_RETURN_TYPE = YES_ERROR;
				GCC_WARN_UNDECLARED_SELECTOR = YES;
				GCC_WARN_UNINITIALIZED_AUTOS = YES;
				GCC_WARN_UNUSED_FUNCTION = YES;
				GCC_WARN_UNUSED_VARIABLE = YES;
				IPHONEOS_DEPLOYMENT_TARGET = 6.1;
				SDKROOT = iphoneos;
				VALIDATE_PRODUCT = YES;
			};
			name = Release;
		};
		5A002DB9185478BD00E324C2 /* Debug */ = {
			isa = XCBuildConfiguration;
			buildSettings = {
				ASSETCATALOG_COMPILER_APPICON_NAME = AppIcon;
				ASSETCATALOG_COMPILER_LAUNCHIMAGE_NAME = LaunchImage;
				GCC_PRECOMPILE_PREFIX_HEADER = YES;
				GCC_PREFIX_HEADER = "eShop/eShop-Prefix.pch";
				INFOPLIST_FILE = "eShop/eShop-Info.plist";
				LIBRARY_SEARCH_PATHS = (
					"$(inherited)",
					/Users/javiercalatravallaveria/Dropbox/eShop/eShop,
				);
				PRODUCT_NAME = "$(TARGET_NAME)";
				SDKROOT = iphoneos7.0;
				WRAPPER_EXTENSION = app;
			};
			name = Debug;
		};
		5A002DBA185478BD00E324C2 /* Release */ = {
			isa = XCBuildConfiguration;
			buildSettings = {
				ASSETCATALOG_COMPILER_APPICON_NAME = AppIcon;
				ASSETCATALOG_COMPILER_LAUNCHIMAGE_NAME = LaunchImage;
				GCC_PRECOMPILE_PREFIX_HEADER = YES;
				GCC_PREFIX_HEADER = "eShop/eShop-Prefix.pch";
				INFOPLIST_FILE = "eShop/eShop-Info.plist";
				LIBRARY_SEARCH_PATHS = (
					"$(inherited)",
					/Users/javiercalatravallaveria/Dropbox/eShop/eShop,
				);
				PRODUCT_NAME = "$(TARGET_NAME)";
				SDKROOT = iphoneos7.0;
				WRAPPER_EXTENSION = app;
			};
			name = Release;
		};
		5A002DBC185478BD00E324C2 /* Debug */ = {
			isa = XCBuildConfiguration;
			buildSettings = {
				ARCHS = "$(ARCHS_STANDARD_INCLUDING_64_BIT)";
				BUNDLE_LOADER = "$(BUILT_PRODUCTS_DIR)/eShop.app/eShop";
				FRAMEWORK_SEARCH_PATHS = (
					"$(SDKROOT)/Developer/Library/Frameworks",
					"$(inherited)",
					"$(DEVELOPER_FRAMEWORKS_DIR)",
				);
				GCC_PRECOMPILE_PREFIX_HEADER = YES;
				GCC_PREFIX_HEADER = "eShop/eShop-Prefix.pch";
				GCC_PREPROCESSOR_DEFINITIONS = (
					"DEBUG=1",
					"$(inherited)",
				);
				INFOPLIST_FILE = "eShopTests/eShopTests-Info.plist";
				PRODUCT_NAME = "$(TARGET_NAME)";
				TEST_HOST = "$(BUNDLE_LOADER)";
				WRAPPER_EXTENSION = xctest;
			};
			name = Debug;
		};
		5A002DBD185478BD00E324C2 /* Release */ = {
			isa = XCBuildConfiguration;
			buildSettings = {
				ARCHS = "$(ARCHS_STANDARD_INCLUDING_64_BIT)";
				BUNDLE_LOADER = "$(BUILT_PRODUCTS_DIR)/eShop.app/eShop";
				FRAMEWORK_SEARCH_PATHS = (
					"$(SDKROOT)/Developer/Library/Frameworks",
					"$(inherited)",
					"$(DEVELOPER_FRAMEWORKS_DIR)",
				);
				GCC_PRECOMPILE_PREFIX_HEADER = YES;
				GCC_PREFIX_HEADER = "eShop/eShop-Prefix.pch";
				INFOPLIST_FILE = "eShopTests/eShopTests-Info.plist";
				PRODUCT_NAME = "$(TARGET_NAME)";
				TEST_HOST = "$(BUNDLE_LOADER)";
				WRAPPER_EXTENSION = xctest;
			};
			name = Release;
		};
/* End XCBuildConfiguration section */

/* Begin XCConfigurationList section */
		5A002D7E185478BD00E324C2 /* Build configuration list for PBXProject "eShop" */ = {
			isa = XCConfigurationList;
			buildConfigurations = (
				5A002DB6185478BD00E324C2 /* Debug */,
				5A002DB7185478BD00E324C2 /* Release */,
			);
			defaultConfigurationIsVisible = 0;
			defaultConfigurationName = Release;
		};
		5A002DB8185478BD00E324C2 /* Build configuration list for PBXNativeTarget "eShop" */ = {
			isa = XCConfigurationList;
			buildConfigurations = (
				5A002DB9185478BD00E324C2 /* Debug */,
				5A002DBA185478BD00E324C2 /* Release */,
			);
			defaultConfigurationIsVisible = 0;
			defaultConfigurationName = Release;
		};
		5A002DBB185478BD00E324C2 /* Build configuration list for PBXNativeTarget "eShopTests" */ = {
			isa = XCConfigurationList;
			buildConfigurations = (
				5A002DBC185478BD00E324C2 /* Debug */,
				5A002DBD185478BD00E324C2 /* Release */,
			);
			defaultConfigurationIsVisible = 0;
			defaultConfigurationName = Release;
		};
/* End XCConfigurationList section */
	};
	rootObject = 5A002D7B185478BD00E324C2 /* Project object */;
}
