// !$*UTF8*$!
{
	archiveVersion = 1;
	classes = {
	};
	objectVersion = 50;
	objects = {

/* Begin PBXBuildFile section */
		00DB072F203F235427605218 /* Pods_eShop.framework in Frameworks */ = {isa = PBXBuildFile; fileRef = 693EBEB6285F376CB57A8A3D /* Pods_eShop.framework */; };
		BF014D8120A1783E00F7E1A4 /* UIAlertController+rx.swift in Sources */ = {isa = PBXBuildFile; fileRef = BF014D8020A1783E00F7E1A4 /* UIAlertController+rx.swift */; };
		BF0C555920BB13C900D6F7BC /* MainTabBarController.swift in Sources */ = {isa = PBXBuildFile; fileRef = BF0C555820BB13C900D6F7BC /* MainTabBarController.swift */; };
		BF384A6F209789CA00E0D073 /* UTProduct.swift in Sources */ = {isa = PBXBuildFile; fileRef = BF384A6E209789C900E0D073 /* UTProduct.swift */; };
		BF384A7120984A5900E0D073 /* UTPrice.swift in Sources */ = {isa = PBXBuildFile; fileRef = BF384A7020984A5900E0D073 /* UTPrice.swift */; };
		BF4E901420B47E6B002B908B /* UTDataManager.swift in Sources */ = {isa = PBXBuildFile; fileRef = BF4E901320B47E6A002B908B /* UTDataManager.swift */; };
		BF55468320A6CC25003388F0 /* ScanForPriceUC.swift in Sources */ = {isa = PBXBuildFile; fileRef = BF55467E20A6CC24003388F0 /* ScanForPriceUC.swift */; };
		BF55468420A6CC25003388F0 /* ScanForPriceCoordinator.swift in Sources */ = {isa = PBXBuildFile; fileRef = BF55468020A6CC24003388F0 /* ScanForPriceCoordinator.swift */; };
		BF55468520A6CC25003388F0 /* LocationManager.swift in Sources */ = {isa = PBXBuildFile; fileRef = BF55468220A6CC25003388F0 /* LocationManager.swift */; };
		BF635E6F20CAE83D00F81A4C /* DoubleExtension.swift in Sources */ = {isa = PBXBuildFile; fileRef = BF635E6E20CAE83D00F81A4C /* DoubleExtension.swift */; };
		BF6361E620947541008A174C /* AppDelegate.swift in Sources */ = {isa = PBXBuildFile; fileRef = BF6361E520947541008A174C /* AppDelegate.swift */; };
		BF6361E820947541008A174C /* ViewController.swift in Sources */ = {isa = PBXBuildFile; fileRef = BF6361E720947541008A174C /* ViewController.swift */; };
		BF6361ED20947542008A174C /* Assets.xcassets in Resources */ = {isa = PBXBuildFile; fileRef = BF6361EC20947542008A174C /* Assets.xcassets */; };
		BF6361F020947542008A174C /* LaunchScreen.storyboard in Resources */ = {isa = PBXBuildFile; fileRef = BF6361EE20947542008A174C /* LaunchScreen.storyboard */; };
		BF63620920947763008A174C /* GoogleService-Info.plist in Resources */ = {isa = PBXBuildFile; fileRef = BF63620820947763008A174C /* GoogleService-Info.plist */; };
		BF63621A209480B7008A174C /* R.generated.swift in Sources */ = {isa = PBXBuildFile; fileRef = BF636219209480B7008A174C /* R.generated.swift */; };
		BF6362222094941A008A174C /* Product.swift in Sources */ = {isa = PBXBuildFile; fileRef = BF6362202094941A008A174C /* Product.swift */; };
		BF6362232094941A008A174C /* FirebaseManager.swift in Sources */ = {isa = PBXBuildFile; fileRef = BF6362212094941A008A174C /* FirebaseManager.swift */; };
		BF6362262094BEFA008A174C /* UTFirebaseManager.swift in Sources */ = {isa = PBXBuildFile; fileRef = BF6362252094BEFA008A174C /* UTFirebaseManager.swift */; };
		BF636228209506C4008A174C /* Shop.swift in Sources */ = {isa = PBXBuildFile; fileRef = BF636227209506C4008A174C /* Shop.swift */; };
		BF63622B20951548008A174C /* UTShop.swift in Sources */ = {isa = PBXBuildFile; fileRef = BF63622A20951548008A174C /* UTShop.swift */; };
		BF63622E2095F938008A174C /* Price.swift in Sources */ = {isa = PBXBuildFile; fileRef = BF63622C2095F937008A174C /* Price.swift */; };
		BF682F9F20B311090010094C /* ProductPricesPVC.swift in Sources */ = {isa = PBXBuildFile; fileRef = BF682F9B20B311080010094C /* ProductPricesPVC.swift */; };
		BF682FA020B311090010094C /* ProductPricesTVC.swift in Sources */ = {isa = PBXBuildFile; fileRef = BF682F9D20B311080010094C /* ProductPricesTVC.swift */; };
		BF682FA120B311090010094C /* ProductPricesContentVC.swift in Sources */ = {isa = PBXBuildFile; fileRef = BF682F9E20B311080010094C /* ProductPricesContentVC.swift */; };
		BF73C4ED20AB462B00452BBD /* ShopPriceTVC.swift in Sources */ = {isa = PBXBuildFile; fileRef = BF73C4EC20AB462B00452BBD /* ShopPriceTVC.swift */; };
		BF7CC6DA2099FC75009C422F /* scanForPrice.storyboard in Resources */ = {isa = PBXBuildFile; fileRef = BF7CC6D92099FC75009C422F /* scanForPrice.storyboard */; };
		BF7CC6DC2099FC8E009C422F /* AppStoryboard.swift in Sources */ = {isa = PBXBuildFile; fileRef = BF7CC6DB2099FC8E009C422F /* AppStoryboard.swift */; };
		BF7CC6F02099FE4B009C422F /* ConcurrentOperation.swift in Sources */ = {isa = PBXBuildFile; fileRef = BF7CC6E52099FE4B009C422F /* ConcurrentOperation.swift */; };
		BF7CC6F82099FE4B009C422F /* PresentMainAppOperation.swift in Sources */ = {isa = PBXBuildFile; fileRef = BF7CC6ED2099FE4B009C422F /* PresentMainAppOperation.swift */; };
		BF7CC6F92099FE4B009C422F /* StartUpAppSequencer.swift in Sources */ = {isa = PBXBuildFile; fileRef = BF7CC6EE2099FE4B009C422F /* StartUpAppSequencer.swift */; };
		BF7CC701209A014A009C422F /* UIApplicationExtension.swift in Sources */ = {isa = PBXBuildFile; fileRef = BF7CC700209A014A009C422F /* UIApplicationExtension.swift */; };
		BF7FC7D920A6B472008859BF /* UTScanForPriceUC.swift in Sources */ = {isa = PBXBuildFile; fileRef = BF7FC7D820A6B472008859BF /* UTScanForPriceUC.swift */; };
		BFA73BAE20D9854700E5E7AB /* ProductListNC.swift in Sources */ = {isa = PBXBuildFile; fileRef = BFA73BAD20D9854700E5E7AB /* ProductListNC.swift */; };
		BFA73BB020D9858E00E5E7AB /* productList.storyboard in Resources */ = {isa = PBXBuildFile; fileRef = BFA73BAF20D9858E00E5E7AB /* productList.storyboard */; };
		BFA73BB420D986A800E5E7AB /* ProductSearchListPVC.swift in Sources */ = {isa = PBXBuildFile; fileRef = BFA73BB320D986A800E5E7AB /* ProductSearchListPVC.swift */; };
		BFA73BB620D9876500E5E7AB /* ProductListCoordinator.swift in Sources */ = {isa = PBXBuildFile; fileRef = BFA73BB520D9876500E5E7AB /* ProductListCoordinator.swift */; };
		BFA73BB920D98ABD00E5E7AB /* ProductSearchListContentVC.swift in Sources */ = {isa = PBXBuildFile; fileRef = BFA73BB820D98ABD00E5E7AB /* ProductSearchListContentVC.swift */; };
		BFAACEB8209A5CD40067C80D /* Main.storyboard in Resources */ = {isa = PBXBuildFile; fileRef = BFAACEB7209A5CD40067C80D /* Main.storyboard */; };
		BFB11460209ACA56001CB1A8 /* BarcodeScannerPVC.swift in Sources */ = {isa = PBXBuildFile; fileRef = BFB11455209ACA56001CB1A8 /* BarcodeScannerPVC.swift */; };
		BFB11461209ACA56001CB1A8 /* BarcodeScannerContainerVC.swift in Sources */ = {isa = PBXBuildFile; fileRef = BFB11457209ACA56001CB1A8 /* BarcodeScannerContainerVC.swift */; };
		BFB11462209ACA56001CB1A8 /* ScanForPriceNC.swift in Sources */ = {isa = PBXBuildFile; fileRef = BFB11458209ACA56001CB1A8 /* ScanForPriceNC.swift */; };
		BFB11463209ACA56001CB1A8 /* StartScanningContentVC.swift in Sources */ = {isa = PBXBuildFile; fileRef = BFB1145C209ACA56001CB1A8 /* StartScanningContentVC.swift */; };
		BFB11464209ACA56001CB1A8 /* StartScanningPVC.swift in Sources */ = {isa = PBXBuildFile; fileRef = BFB1145D209ACA56001CB1A8 /* StartScanningPVC.swift */; };
		BFB11465209ACA56001CB1A8 /* SplashVC.swift in Sources */ = {isa = PBXBuildFile; fileRef = BFB1145F209ACA56001CB1A8 /* SplashVC.swift */; };
		BFB11469209ACC8A001CB1A8 /* PresentSplashOperation.swift in Sources */ = {isa = PBXBuildFile; fileRef = BFB11468209ACC8A001CB1A8 /* PresentSplashOperation.swift */; };
		BFBBD67120999284003EB7E7 /* GoogleService-Info-DEBUG.plist in Resources */ = {isa = PBXBuildFile; fileRef = BFBBD67020999284003EB7E7 /* GoogleService-Info-DEBUG.plist */; };
		BFBEF9C520D66C2000D37855 /* UIViewExtension.swift in Sources */ = {isa = PBXBuildFile; fileRef = BFBEF9C420D66C2000D37855 /* UIViewExtension.swift */; };
		BFDD643620C9A6E8002244D0 /* ProductFilterView.swift in Sources */ = {isa = PBXBuildFile; fileRef = BFDD643520C9A6E8002244D0 /* ProductFilterView.swift */; };
		BFDF48D520BDC78E00563695 /* EShopColors.swift in Sources */ = {isa = PBXBuildFile; fileRef = BFDF48D420BDC78E00563695 /* EShopColors.swift */; };
		BFED589620A77C7C00E6DA92 /* ShopPricePVC.swift in Sources */ = {isa = PBXBuildFile; fileRef = BFED589320A77C7B00E6DA92 /* ShopPricePVC.swift */; };
		BFED589720A77C7C00E6DA92 /* ShopPriceContentVC.swift in Sources */ = {isa = PBXBuildFile; fileRef = BFED589520A77C7B00E6DA92 /* ShopPriceContentVC.swift */; };
		BFEFBA8220BA851C004143DE /* BaseViewController.swift in Sources */ = {isa = PBXBuildFile; fileRef = BFEFBA8120BA851C004143DE /* BaseViewController.swift */; };
		BFEFBA8520BA879A004143DE /* EShopFonts.swift in Sources */ = {isa = PBXBuildFile; fileRef = BFEFBA8420BA879A004143DE /* EShopFonts.swift */; };
		BFEFBA9720BA96E0004143DE /* SanFranciscoDisplay-Thin.otf in Resources */ = {isa = PBXBuildFile; fileRef = BFEFBA9620BA960F004143DE /* SanFranciscoDisplay-Thin.otf */; };
		BFEFBA9820BA96E0004143DE /* SanFranciscoDisplay-Ultralight.otf in Resources */ = {isa = PBXBuildFile; fileRef = BFEFBA9420BA95E7004143DE /* SanFranciscoDisplay-Ultralight.otf */; };
		BFEFBA9920BA96E0004143DE /* SanFranciscoDisplay-Regular.otf in Resources */ = {isa = PBXBuildFile; fileRef = BFEFBA9320BA95B8004143DE /* SanFranciscoDisplay-Regular.otf */; };
		BFEFBA9A20BA96E0004143DE /* SanFranciscoDisplay-Bold.otf in Resources */ = {isa = PBXBuildFile; fileRef = BFEFBA9120BA94C3004143DE /* SanFranciscoDisplay-Bold.otf */; };
		BFEFBA9C20BA99C0004143DE /* DistanceSelectorView.swift in Sources */ = {isa = PBXBuildFile; fileRef = BFEFBA9B20BA99C0004143DE /* DistanceSelectorView.swift */; };
		BFEFBAA120BABC3F004143DE /* Strings.swift in Sources */ = {isa = PBXBuildFile; fileRef = BFEFBAA020BABC3F004143DE /* Strings.swift */; };
		BFEFBAA320BABC92004143DE /* LocaleManager.swift in Sources */ = {isa = PBXBuildFile; fileRef = BFEFBAA220BABC92004143DE /* LocaleManager.swift */; };
		BFEFBAA420BABD3B004143DE /* Localizable.strings in Resources */ = {isa = PBXBuildFile; fileRef = BFEFBAA620BABD3B004143DE /* Localizable.strings */; };
		BFF54B5420A06D7C004917AC /* DataManager.swift in Sources */ = {isa = PBXBuildFile; fileRef = BFF54B5320A06D7B004917AC /* DataManager.swift */; };
		F432E218DFF4D1571FE670EB /* Pods_eShopTests.framework in Frameworks */ = {isa = PBXBuildFile; fileRef = D82A741CB64EA926208A5E54 /* Pods_eShopTests.framework */; };
/* End PBXBuildFile section */

/* Begin PBXContainerItemProxy section */
		BF6361F720947542008A174C /* PBXContainerItemProxy */ = {
			isa = PBXContainerItemProxy;
			containerPortal = BF6361DA20947540008A174C /* Project object */;
			proxyType = 1;
			remoteGlobalIDString = BF6361E120947540008A174C;
			remoteInfo = eShop;
		};
/* End PBXContainerItemProxy section */

/* Begin PBXFileReference section */
		15747E12A1198A1C74A824BD /* Pods-eShopTests.debug.xcconfig */ = {isa = PBXFileReference; includeInIndex = 1; lastKnownFileType = text.xcconfig; name = "Pods-eShopTests.debug.xcconfig"; path = "Pods/Target Support Files/Pods-eShopTests/Pods-eShopTests.debug.xcconfig"; sourceTree = "<group>"; };
		540B74BC954BB653B4FED717 /* Pods-eShopTests.release.xcconfig */ = {isa = PBXFileReference; includeInIndex = 1; lastKnownFileType = text.xcconfig; name = "Pods-eShopTests.release.xcconfig"; path = "Pods/Target Support Files/Pods-eShopTests/Pods-eShopTests.release.xcconfig"; sourceTree = "<group>"; };
		693EBEB6285F376CB57A8A3D /* Pods_eShop.framework */ = {isa = PBXFileReference; explicitFileType = wrapper.framework; includeInIndex = 0; path = Pods_eShop.framework; sourceTree = BUILT_PRODUCTS_DIR; };
		8856398CD142B99E40406E97 /* Pods-eShop.debug.xcconfig */ = {isa = PBXFileReference; includeInIndex = 1; lastKnownFileType = text.xcconfig; name = "Pods-eShop.debug.xcconfig"; path = "Pods/Target Support Files/Pods-eShop/Pods-eShop.debug.xcconfig"; sourceTree = "<group>"; };
		A12AAAD9FAD84030B79DF1E8 /* Pods-eShop.release.xcconfig */ = {isa = PBXFileReference; includeInIndex = 1; lastKnownFileType = text.xcconfig; name = "Pods-eShop.release.xcconfig"; path = "Pods/Target Support Files/Pods-eShop/Pods-eShop.release.xcconfig"; sourceTree = "<group>"; };
		BF014D8020A1783E00F7E1A4 /* UIAlertController+rx.swift */ = {isa = PBXFileReference; lastKnownFileType = sourcecode.swift; path = "UIAlertController+rx.swift"; sourceTree = "<group>"; };
		BF0C555820BB13C900D6F7BC /* MainTabBarController.swift */ = {isa = PBXFileReference; lastKnownFileType = sourcecode.swift; path = MainTabBarController.swift; sourceTree = "<group>"; };
		BF384A6E209789C900E0D073 /* UTProduct.swift */ = {isa = PBXFileReference; fileEncoding = 4; lastKnownFileType = sourcecode.swift; path = UTProduct.swift; sourceTree = "<group>"; };
		BF384A7020984A5900E0D073 /* UTPrice.swift */ = {isa = PBXFileReference; fileEncoding = 4; lastKnownFileType = sourcecode.swift; path = UTPrice.swift; sourceTree = "<group>"; };
		BF462DD720C9541C00094777 /* eShop.entitlements */ = {isa = PBXFileReference; lastKnownFileType = text.plist.entitlements; path = eShop.entitlements; sourceTree = "<group>"; };
		BF4E901320B47E6A002B908B /* UTDataManager.swift */ = {isa = PBXFileReference; fileEncoding = 4; lastKnownFileType = sourcecode.swift; path = UTDataManager.swift; sourceTree = "<group>"; };
		BF55467E20A6CC24003388F0 /* ScanForPriceUC.swift */ = {isa = PBXFileReference; fileEncoding = 4; lastKnownFileType = sourcecode.swift; path = ScanForPriceUC.swift; sourceTree = "<group>"; };
		BF55468020A6CC24003388F0 /* ScanForPriceCoordinator.swift */ = {isa = PBXFileReference; fileEncoding = 4; lastKnownFileType = sourcecode.swift; path = ScanForPriceCoordinator.swift; sourceTree = "<group>"; };
		BF55468220A6CC25003388F0 /* LocationManager.swift */ = {isa = PBXFileReference; fileEncoding = 4; lastKnownFileType = sourcecode.swift; path = LocationManager.swift; sourceTree = "<group>"; };
		BF635E6E20CAE83D00F81A4C /* DoubleExtension.swift */ = {isa = PBXFileReference; lastKnownFileType = sourcecode.swift; path = DoubleExtension.swift; sourceTree = "<group>"; };
		BF6361E220947540008A174C /* eShop.app */ = {isa = PBXFileReference; explicitFileType = wrapper.application; includeInIndex = 0; path = eShop.app; sourceTree = BUILT_PRODUCTS_DIR; };
		BF6361E520947541008A174C /* AppDelegate.swift */ = {isa = PBXFileReference; lastKnownFileType = sourcecode.swift; path = AppDelegate.swift; sourceTree = "<group>"; };
		BF6361E720947541008A174C /* ViewController.swift */ = {isa = PBXFileReference; lastKnownFileType = sourcecode.swift; path = ViewController.swift; sourceTree = "<group>"; };
		BF6361EC20947542008A174C /* Assets.xcassets */ = {isa = PBXFileReference; lastKnownFileType = folder.assetcatalog; path = Assets.xcassets; sourceTree = "<group>"; };
		BF6361EF20947542008A174C /* Base */ = {isa = PBXFileReference; lastKnownFileType = file.storyboard; name = Base; path = Base.lproj/LaunchScreen.storyboard; sourceTree = "<group>"; };
		BF6361F620947542008A174C /* eShopTests.xctest */ = {isa = PBXFileReference; explicitFileType = wrapper.cfbundle; includeInIndex = 0; path = eShopTests.xctest; sourceTree = BUILT_PRODUCTS_DIR; };
		BF6361FC20947542008A174C /* Info.plist */ = {isa = PBXFileReference; lastKnownFileType = text.plist.xml; path = Info.plist; sourceTree = "<group>"; };
		BF63620820947763008A174C /* GoogleService-Info.plist */ = {isa = PBXFileReference; fileEncoding = 4; lastKnownFileType = text.plist.xml; path = "GoogleService-Info.plist"; sourceTree = "<group>"; };
		BF63620C209479EF008A174C /* Info.plist */ = {isa = PBXFileReference; fileEncoding = 4; lastKnownFileType = text.plist.xml; path = Info.plist; sourceTree = "<group>"; };
		BF636219209480B7008A174C /* R.generated.swift */ = {isa = PBXFileReference; fileEncoding = 4; lastKnownFileType = sourcecode.swift; path = R.generated.swift; sourceTree = "<group>"; };
		BF6362202094941A008A174C /* Product.swift */ = {isa = PBXFileReference; fileEncoding = 4; lastKnownFileType = sourcecode.swift; path = Product.swift; sourceTree = "<group>"; };
		BF6362212094941A008A174C /* FirebaseManager.swift */ = {isa = PBXFileReference; fileEncoding = 4; lastKnownFileType = sourcecode.swift; path = FirebaseManager.swift; sourceTree = "<group>"; };
		BF6362252094BEFA008A174C /* UTFirebaseManager.swift */ = {isa = PBXFileReference; lastKnownFileType = sourcecode.swift; path = UTFirebaseManager.swift; sourceTree = "<group>"; };
		BF636227209506C4008A174C /* Shop.swift */ = {isa = PBXFileReference; fileEncoding = 4; lastKnownFileType = sourcecode.swift; path = Shop.swift; sourceTree = "<group>"; };
		BF63622A20951548008A174C /* UTShop.swift */ = {isa = PBXFileReference; lastKnownFileType = sourcecode.swift; path = UTShop.swift; sourceTree = "<group>"; };
		BF63622C2095F937008A174C /* Price.swift */ = {isa = PBXFileReference; fileEncoding = 4; lastKnownFileType = sourcecode.swift; path = Price.swift; sourceTree = "<group>"; };
		BF682F9B20B311080010094C /* ProductPricesPVC.swift */ = {isa = PBXFileReference; fileEncoding = 4; lastKnownFileType = sourcecode.swift; path = ProductPricesPVC.swift; sourceTree = "<group>"; };
		BF682F9D20B311080010094C /* ProductPricesTVC.swift */ = {isa = PBXFileReference; fileEncoding = 4; lastKnownFileType = sourcecode.swift; path = ProductPricesTVC.swift; sourceTree = "<group>"; };
		BF682F9E20B311080010094C /* ProductPricesContentVC.swift */ = {isa = PBXFileReference; fileEncoding = 4; lastKnownFileType = sourcecode.swift; path = ProductPricesContentVC.swift; sourceTree = "<group>"; };
		BF73C4EC20AB462B00452BBD /* ShopPriceTVC.swift */ = {isa = PBXFileReference; lastKnownFileType = sourcecode.swift; path = ShopPriceTVC.swift; sourceTree = "<group>"; };
		BF7CC6D92099FC75009C422F /* scanForPrice.storyboard */ = {isa = PBXFileReference; lastKnownFileType = file.storyboard; path = scanForPrice.storyboard; sourceTree = "<group>"; };
		BF7CC6DB2099FC8E009C422F /* AppStoryboard.swift */ = {isa = PBXFileReference; fileEncoding = 4; lastKnownFileType = sourcecode.swift; path = AppStoryboard.swift; sourceTree = "<group>"; };
		BF7CC6E52099FE4B009C422F /* ConcurrentOperation.swift */ = {isa = PBXFileReference; fileEncoding = 4; lastKnownFileType = sourcecode.swift; path = ConcurrentOperation.swift; sourceTree = "<group>"; };
		BF7CC6ED2099FE4B009C422F /* PresentMainAppOperation.swift */ = {isa = PBXFileReference; fileEncoding = 4; lastKnownFileType = sourcecode.swift; path = PresentMainAppOperation.swift; sourceTree = "<group>"; };
		BF7CC6EE2099FE4B009C422F /* StartUpAppSequencer.swift */ = {isa = PBXFileReference; fileEncoding = 4; lastKnownFileType = sourcecode.swift; path = StartUpAppSequencer.swift; sourceTree = "<group>"; };
		BF7CC700209A014A009C422F /* UIApplicationExtension.swift */ = {isa = PBXFileReference; lastKnownFileType = sourcecode.swift; path = UIApplicationExtension.swift; sourceTree = "<group>"; };
		BF7FC7D820A6B472008859BF /* UTScanForPriceUC.swift */ = {isa = PBXFileReference; lastKnownFileType = sourcecode.swift; path = UTScanForPriceUC.swift; sourceTree = "<group>"; };
		BFA73BAD20D9854700E5E7AB /* ProductListNC.swift */ = {isa = PBXFileReference; lastKnownFileType = sourcecode.swift; path = ProductListNC.swift; sourceTree = "<group>"; };
		BFA73BAF20D9858E00E5E7AB /* productList.storyboard */ = {isa = PBXFileReference; lastKnownFileType = file.storyboard; path = productList.storyboard; sourceTree = "<group>"; };
		BFA73BB320D986A800E5E7AB /* ProductSearchListPVC.swift */ = {isa = PBXFileReference; lastKnownFileType = sourcecode.swift; name = ProductSearchListPVC.swift; path = eShop/ViewLayer/Controllers/ProductList/ProductSearchList/ProductSearchListPVC.swift; sourceTree = SOURCE_ROOT; };
		BFA73BB520D9876500E5E7AB /* ProductListCoordinator.swift */ = {isa = PBXFileReference; fileEncoding = 4; lastKnownFileType = sourcecode.swift; path = ProductListCoordinator.swift; sourceTree = "<group>"; };
		BFA73BB820D98ABD00E5E7AB /* ProductSearchListContentVC.swift */ = {isa = PBXFileReference; lastKnownFileType = sourcecode.swift; path = ProductSearchListContentVC.swift; sourceTree = "<group>"; };
		BFAACEB7209A5CD40067C80D /* Main.storyboard */ = {isa = PBXFileReference; fileEncoding = 4; lastKnownFileType = file.storyboard; path = Main.storyboard; sourceTree = "<group>"; };
		BFB11455209ACA56001CB1A8 /* BarcodeScannerPVC.swift */ = {isa = PBXFileReference; fileEncoding = 4; lastKnownFileType = sourcecode.swift; path = BarcodeScannerPVC.swift; sourceTree = "<group>"; };
		BFB11457209ACA56001CB1A8 /* BarcodeScannerContainerVC.swift */ = {isa = PBXFileReference; fileEncoding = 4; lastKnownFileType = sourcecode.swift; path = BarcodeScannerContainerVC.swift; sourceTree = "<group>"; };
		BFB11458209ACA56001CB1A8 /* ScanForPriceNC.swift */ = {isa = PBXFileReference; fileEncoding = 4; lastKnownFileType = sourcecode.swift; path = ScanForPriceNC.swift; sourceTree = "<group>"; };
		BFB1145C209ACA56001CB1A8 /* StartScanningContentVC.swift */ = {isa = PBXFileReference; fileEncoding = 4; lastKnownFileType = sourcecode.swift; path = StartScanningContentVC.swift; sourceTree = "<group>"; };
		BFB1145D209ACA56001CB1A8 /* StartScanningPVC.swift */ = {isa = PBXFileReference; fileEncoding = 4; lastKnownFileType = sourcecode.swift; path = StartScanningPVC.swift; sourceTree = "<group>"; };
		BFB1145F209ACA56001CB1A8 /* SplashVC.swift */ = {isa = PBXFileReference; fileEncoding = 4; lastKnownFileType = sourcecode.swift; path = SplashVC.swift; sourceTree = "<group>"; };
		BFB11468209ACC8A001CB1A8 /* PresentSplashOperation.swift */ = {isa = PBXFileReference; fileEncoding = 4; lastKnownFileType = sourcecode.swift; path = PresentSplashOperation.swift; sourceTree = "<group>"; };
		BFBBD67020999284003EB7E7 /* GoogleService-Info-DEBUG.plist */ = {isa = PBXFileReference; fileEncoding = 4; lastKnownFileType = text.plist.xml; path = "GoogleService-Info-DEBUG.plist"; sourceTree = "<group>"; };
		BFBEF9C420D66C2000D37855 /* UIViewExtension.swift */ = {isa = PBXFileReference; lastKnownFileType = sourcecode.swift; path = UIViewExtension.swift; sourceTree = "<group>"; };
		BFDD643520C9A6E8002244D0 /* ProductFilterView.swift */ = {isa = PBXFileReference; lastKnownFileType = sourcecode.swift; path = ProductFilterView.swift; sourceTree = "<group>"; };
		BFDF48D420BDC78E00563695 /* EShopColors.swift */ = {isa = PBXFileReference; lastKnownFileType = sourcecode.swift; path = EShopColors.swift; sourceTree = "<group>"; };
		BFED589320A77C7B00E6DA92 /* ShopPricePVC.swift */ = {isa = PBXFileReference; fileEncoding = 4; lastKnownFileType = sourcecode.swift; path = ShopPricePVC.swift; sourceTree = "<group>"; };
		BFED589520A77C7B00E6DA92 /* ShopPriceContentVC.swift */ = {isa = PBXFileReference; fileEncoding = 4; lastKnownFileType = sourcecode.swift; path = ShopPriceContentVC.swift; sourceTree = "<group>"; };
		BFEFBA8120BA851C004143DE /* BaseViewController.swift */ = {isa = PBXFileReference; lastKnownFileType = sourcecode.swift; path = BaseViewController.swift; sourceTree = "<group>"; };
		BFEFBA8420BA879A004143DE /* EShopFonts.swift */ = {isa = PBXFileReference; lastKnownFileType = sourcecode.swift; path = EShopFonts.swift; sourceTree = "<group>"; };
		BFEFBA9120BA94C3004143DE /* SanFranciscoDisplay-Bold.otf */ = {isa = PBXFileReference; lastKnownFileType = file; path = "SanFranciscoDisplay-Bold.otf"; sourceTree = "<group>"; };
		BFEFBA9320BA95B8004143DE /* SanFranciscoDisplay-Regular.otf */ = {isa = PBXFileReference; lastKnownFileType = file; path = "SanFranciscoDisplay-Regular.otf"; sourceTree = "<group>"; };
		BFEFBA9420BA95E7004143DE /* SanFranciscoDisplay-Ultralight.otf */ = {isa = PBXFileReference; lastKnownFileType = file; path = "SanFranciscoDisplay-Ultralight.otf"; sourceTree = "<group>"; };
		BFEFBA9620BA960F004143DE /* SanFranciscoDisplay-Thin.otf */ = {isa = PBXFileReference; lastKnownFileType = file; path = "SanFranciscoDisplay-Thin.otf"; sourceTree = "<group>"; };
		BFEFBA9B20BA99C0004143DE /* DistanceSelectorView.swift */ = {isa = PBXFileReference; lastKnownFileType = sourcecode.swift; path = DistanceSelectorView.swift; sourceTree = "<group>"; };
		BFEFBAA020BABC3F004143DE /* Strings.swift */ = {isa = PBXFileReference; lastKnownFileType = sourcecode.swift; path = Strings.swift; sourceTree = "<group>"; };
		BFEFBAA220BABC92004143DE /* LocaleManager.swift */ = {isa = PBXFileReference; lastKnownFileType = sourcecode.swift; path = LocaleManager.swift; sourceTree = "<group>"; };
		BFEFBAA520BABD3B004143DE /* en */ = {isa = PBXFileReference; lastKnownFileType = text.plist.strings; name = en; path = en.lproj/Localizable.strings; sourceTree = "<group>"; };
		BFEFBAA720BABD65004143DE /* es */ = {isa = PBXFileReference; lastKnownFileType = text.plist.strings; name = es; path = es.lproj/LaunchScreen.strings; sourceTree = "<group>"; };
		BFEFBAA820BABD65004143DE /* es */ = {isa = PBXFileReference; lastKnownFileType = text.plist.strings; name = es; path = es.lproj/Localizable.strings; sourceTree = "<group>"; };
		BFF54B5320A06D7B004917AC /* DataManager.swift */ = {isa = PBXFileReference; fileEncoding = 4; lastKnownFileType = sourcecode.swift; path = DataManager.swift; sourceTree = "<group>"; };
		D82A741CB64EA926208A5E54 /* Pods_eShopTests.framework */ = {isa = PBXFileReference; explicitFileType = wrapper.framework; includeInIndex = 0; path = Pods_eShopTests.framework; sourceTree = BUILT_PRODUCTS_DIR; };
/* End PBXFileReference section */

/* Begin PBXFrameworksBuildPhase section */
		BF6361DF20947540008A174C /* Frameworks */ = {
			isa = PBXFrameworksBuildPhase;
			buildActionMask = 2147483647;
			files = (
				00DB072F203F235427605218 /* Pods_eShop.framework in Frameworks */,
			);
			runOnlyForDeploymentPostprocessing = 0;
		};
		BF6361F320947542008A174C /* Frameworks */ = {
			isa = PBXFrameworksBuildPhase;
			buildActionMask = 2147483647;
			files = (
				F432E218DFF4D1571FE670EB /* Pods_eShopTests.framework in Frameworks */,
			);
			runOnlyForDeploymentPostprocessing = 0;
		};
/* End PBXFrameworksBuildPhase section */

/* Begin PBXGroup section */
		04F128E348CFF2100BB16765 /* Pods */ = {
			isa = PBXGroup;
			children = (
				8856398CD142B99E40406E97 /* Pods-eShop.debug.xcconfig */,
				A12AAAD9FAD84030B79DF1E8 /* Pods-eShop.release.xcconfig */,
				15747E12A1198A1C74A824BD /* Pods-eShopTests.debug.xcconfig */,
				540B74BC954BB653B4FED717 /* Pods-eShopTests.release.xcconfig */,
			);
			name = Pods;
			sourceTree = "<group>";
		};
		BF014D7F20A176E900F7E1A4 /* Extensions */ = {
			isa = PBXGroup;
			children = (
				BF014D8020A1783E00F7E1A4 /* UIAlertController+rx.swift */,
				BF635E6E20CAE83D00F81A4C /* DoubleExtension.swift */,
				BFBEF9C420D66C2000D37855 /* UIViewExtension.swift */,
				BFEFBA8120BA851C004143DE /* BaseViewController.swift */,
			);
			path = Extensions;
			sourceTree = "<group>";
		};
		BF0C555620BB133200D6F7BC /* Main */ = {
			isa = PBXGroup;
			children = (
				BF0C555720BB134400D6F7BC /* MainTab */,
			);
			path = Main;
			sourceTree = "<group>";
		};
		BF0C555720BB134400D6F7BC /* MainTab */ = {
			isa = PBXGroup;
			children = (
				BF0C555820BB13C900D6F7BC /* MainTabBarController.swift */,
			);
			path = MainTab;
			sourceTree = "<group>";
		};
		BF55467D20A6CC24003388F0 /* UseCases */ = {
			isa = PBXGroup;
			children = (
				BF55467E20A6CC24003388F0 /* ScanForPriceUC.swift */,
			);
			name = UseCases;
			path = eShop/DomainLayer/UseCases;
			sourceTree = SOURCE_ROOT;
		};
		BF55467F20A6CC24003388F0 /* Coordinators */ = {
			isa = PBXGroup;
			children = (
				BF55468020A6CC24003388F0 /* ScanForPriceCoordinator.swift */,
				BFA73BB520D9876500E5E7AB /* ProductListCoordinator.swift */,
			);
			name = Coordinators;
			path = eShop/DomainLayer/Coordinators;
			sourceTree = SOURCE_ROOT;
		};
		BF55468120A6CC25003388F0 /* Managers */ = {
			isa = PBXGroup;
			children = (
				BF55468220A6CC25003388F0 /* LocationManager.swift */,
				BFEFBAA220BABC92004143DE /* LocaleManager.swift */,
			);
			name = Managers;
			path = eShop/DomainLayer/Managers;
			sourceTree = SOURCE_ROOT;
		};
		BF6361D920947540008A174C = {
			isa = PBXGroup;
			children = (
				BF6361E420947540008A174C /* eShop */,
				BF6361F920947542008A174C /* eShopTests */,
				BF6361E320947540008A174C /* Products */,
				04F128E348CFF2100BB16765 /* Pods */,
				CAF843E5223B306707C76558 /* Frameworks */,
			);
			sourceTree = "<group>";
		};
		BF6361E320947540008A174C /* Products */ = {
			isa = PBXGroup;
			children = (
				BF6361E220947540008A174C /* eShop.app */,
				BF6361F620947542008A174C /* eShopTests.xctest */,
			);
			name = Products;
			sourceTree = "<group>";
		};
		BF6361E420947540008A174C /* eShop */ = {
			isa = PBXGroup;
			children = (
				BF462DD720C9541C00094777 /* eShop.entitlements */,
				BF63620F20947F46008A174C /* ViewLayer */,
				BF7CC6E12099FE24009C422F /* DomainLayer */,
				BF63621E2094941A008A174C /* DataLayer */,
				BF63620520947712008A174C /* Application */,
				BF6361E520947541008A174C /* AppDelegate.swift */,
				BF6361E720947541008A174C /* ViewController.swift */,
				BF6361EE20947542008A174C /* LaunchScreen.storyboard */,
				BF63620C209479EF008A174C /* Info.plist */,
			);
			path = eShop;
			sourceTree = "<group>";
		};
		BF6361F920947542008A174C /* eShopTests */ = {
			isa = PBXGroup;
			children = (
				BF7FC7D620A6B3ED008859BF /* DomainLayer */,
				BF6362242094BEC5008A174C /* DataLayer */,
				BF6361FC20947542008A174C /* Info.plist */,
			);
			path = eShopTests;
			sourceTree = "<group>";
		};
		BF63620520947712008A174C /* Application */ = {
			isa = PBXGroup;
			children = (
				BF7CC6FF209A012C009C422F /* Extensions */,
				BF63620820947763008A174C /* GoogleService-Info.plist */,
				BFBBD67020999284003EB7E7 /* GoogleService-Info-DEBUG.plist */,
			);
			path = Application;
			sourceTree = "<group>";
		};
		BF63620F20947F46008A174C /* ViewLayer */ = {
			isa = PBXGroup;
			children = (
				BF014D7F20A176E900F7E1A4 /* Extensions */,
				BFB11452209ACA56001CB1A8 /* Controllers */,
				BF7CC6D82099FC36009C422F /* Storyboards */,
				BF63621020947F46008A174C /* Resources */,
			);
			path = ViewLayer;
			sourceTree = "<group>";
		};
		BF63621020947F46008A174C /* Resources */ = {
			isa = PBXGroup;
			children = (
				BFEFBA9D20BABAA1004143DE /* Strings */,
				BFEFBA8620BA8903004143DE /* Fonts */,
				BFEFBA8320BA876C004143DE /* Styles */,
				BF6361EC20947542008A174C /* Assets.xcassets */,
				BF636218209480B7008A174C /* RSwift */,
			);
			path = Resources;
			sourceTree = "<group>";
		};
		BF636218209480B7008A174C /* RSwift */ = {
			isa = PBXGroup;
			children = (
				BF636219209480B7008A174C /* R.generated.swift */,
			);
			path = RSwift;
			sourceTree = "<group>";
		};
		BF63621E2094941A008A174C /* DataLayer */ = {
			isa = PBXGroup;
			children = (
				BFF54B5320A06D7B004917AC /* DataManager.swift */,
				BF63621F2094941A008A174C /* Model */,
				BF6362212094941A008A174C /* FirebaseManager.swift */,
			);
			path = DataLayer;
			sourceTree = "<group>";
		};
		BF63621F2094941A008A174C /* Model */ = {
			isa = PBXGroup;
			children = (
				BF6362202094941A008A174C /* Product.swift */,
				BF636227209506C4008A174C /* Shop.swift */,
				BF63622C2095F937008A174C /* Price.swift */,
			);
			path = Model;
			sourceTree = "<group>";
		};
		BF6362242094BEC5008A174C /* DataLayer */ = {
			isa = PBXGroup;
			children = (
				BF4E901320B47E6A002B908B /* UTDataManager.swift */,
				BF6362252094BEFA008A174C /* UTFirebaseManager.swift */,
				BF63622920951521008A174C /* Model */,
			);
			path = DataLayer;
			sourceTree = "<group>";
		};
		BF63622920951521008A174C /* Model */ = {
			isa = PBXGroup;
			children = (
				BF384A7020984A5900E0D073 /* UTPrice.swift */,
				BF384A6E209789C900E0D073 /* UTProduct.swift */,
				BF63622A20951548008A174C /* UTShop.swift */,
			);
			path = Model;
			sourceTree = "<group>";
		};
		BF682F9A20B311080010094C /* ProductPrices */ = {
			isa = PBXGroup;
			children = (
				BF682F9B20B311080010094C /* ProductPricesPVC.swift */,
				BF682F9C20B311080010094C /* Views */,
			);
			path = ProductPrices;
			sourceTree = "<group>";
		};
		BF682F9C20B311080010094C /* Views */ = {
			isa = PBXGroup;
			children = (
				BF682F9D20B311080010094C /* ProductPricesTVC.swift */,
				BF682F9E20B311080010094C /* ProductPricesContentVC.swift */,
				BFDD643520C9A6E8002244D0 /* ProductFilterView.swift */,
			);
			path = Views;
			sourceTree = "<group>";
		};
		BF7CC6D82099FC36009C422F /* Storyboards */ = {
			isa = PBXGroup;
			children = (
				BF7CC6DB2099FC8E009C422F /* AppStoryboard.swift */,
				BFAACEB7209A5CD40067C80D /* Main.storyboard */,
				BF7CC6D92099FC75009C422F /* scanForPrice.storyboard */,
				BFA73BAF20D9858E00E5E7AB /* productList.storyboard */,
			);
			path = Storyboards;
			sourceTree = "<group>";
		};
		BF7CC6E12099FE24009C422F /* DomainLayer */ = {
			isa = PBXGroup;
			children = (
				BF55467F20A6CC24003388F0 /* Coordinators */,
				BF55468120A6CC25003388F0 /* Managers */,
				BF55467D20A6CC24003388F0 /* UseCases */,
				BF7CC6E22099FE4A009C422F /* Sequencer */,
			);
			name = DomainLayer;
			path = "New Group";
			sourceTree = "<group>";
		};
		BF7CC6E22099FE4A009C422F /* Sequencer */ = {
			isa = PBXGroup;
			children = (
				BF7CC6E32099FE4A009C422F /* Operation */,
				BF7CC6EE2099FE4B009C422F /* StartUpAppSequencer.swift */,
			);
			name = Sequencer;
			path = eShop/DomainLayer/Sequencer;
			sourceTree = SOURCE_ROOT;
		};
		BF7CC6E32099FE4A009C422F /* Operation */ = {
			isa = PBXGroup;
			children = (
				BF7CC6E52099FE4B009C422F /* ConcurrentOperation.swift */,
				BF7CC6ED2099FE4B009C422F /* PresentMainAppOperation.swift */,
				BFB11468209ACC8A001CB1A8 /* PresentSplashOperation.swift */,
			);
			path = Operation;
			sourceTree = "<group>";
		};
		BF7CC6FF209A012C009C422F /* Extensions */ = {
			isa = PBXGroup;
			children = (
				BF7CC700209A014A009C422F /* UIApplicationExtension.swift */,
			);
			path = Extensions;
			sourceTree = "<group>";
		};
		BF7FC7D620A6B3ED008859BF /* DomainLayer */ = {
			isa = PBXGroup;
			children = (
				BF7FC7D720A6B3FF008859BF /* UseCases */,
			);
			path = DomainLayer;
			sourceTree = "<group>";
		};
		BF7FC7D720A6B3FF008859BF /* UseCases */ = {
			isa = PBXGroup;
			children = (
				BF7FC7D820A6B472008859BF /* UTScanForPriceUC.swift */,
			);
			path = UseCases;
			sourceTree = "<group>";
		};
		BFA73BAC20D984FF00E5E7AB /* ProductList */ = {
			isa = PBXGroup;
			children = (
				BFA73BAD20D9854700E5E7AB /* ProductListNC.swift */,
				BFA73BB220D9862C00E5E7AB /* ShopPrices */,
				BFA73BB120D9860900E5E7AB /* ProductSearchList */,
			);
			path = ProductList;
			sourceTree = "<group>";
		};
		BFA73BB120D9860900E5E7AB /* ProductSearchList */ = {
			isa = PBXGroup;
			children = (
				BFA73BB320D986A800E5E7AB /* ProductSearchListPVC.swift */,
				BFA73BB720D98A9400E5E7AB /* Views */,
			);
			path = ProductSearchList;
			sourceTree = "<group>";
		};
		BFA73BB220D9862C00E5E7AB /* ShopPrices */ = {
			isa = PBXGroup;
			children = (
			);
			path = ShopPrices;
			sourceTree = "<group>";
		};
		BFA73BB720D98A9400E5E7AB /* Views */ = {
			isa = PBXGroup;
			children = (
				BFA73BB820D98ABD00E5E7AB /* ProductSearchListContentVC.swift */,
			);
			path = Views;
			sourceTree = "<group>";
		};
		BFB11452209ACA56001CB1A8 /* Controllers */ = {
			isa = PBXGroup;
			children = (
				BFA73BAC20D984FF00E5E7AB /* ProductList */,
				BF0C555620BB133200D6F7BC /* Main */,
				BFB11453209ACA56001CB1A8 /* ScanForPrice */,
				BFB1145E209ACA56001CB1A8 /* Splash */,
			);
			path = Controllers;
			sourceTree = "<group>";
		};
		BFB11453209ACA56001CB1A8 /* ScanForPrice */ = {
			isa = PBXGroup;
			children = (
				BF682F9A20B311080010094C /* ProductPrices */,
				BFB11459209ACA56001CB1A8 /* StartScanning */,
				BFED589220A77C7B00E6DA92 /* ShopPrice */,
				BFB11454209ACA56001CB1A8 /* BarcodeScanner */,
				BFB11458209ACA56001CB1A8 /* ScanForPriceNC.swift */,
			);
			path = ScanForPrice;
			sourceTree = "<group>";
		};
		BFB11454209ACA56001CB1A8 /* BarcodeScanner */ = {
			isa = PBXGroup;
			children = (
				BFB11455209ACA56001CB1A8 /* BarcodeScannerPVC.swift */,
				BFB11456209ACA56001CB1A8 /* Views */,
			);
			path = BarcodeScanner;
			sourceTree = "<group>";
		};
		BFB11456209ACA56001CB1A8 /* Views */ = {
			isa = PBXGroup;
			children = (
				BFB11457209ACA56001CB1A8 /* BarcodeScannerContainerVC.swift */,
			);
			path = Views;
			sourceTree = "<group>";
		};
		BFB11459209ACA56001CB1A8 /* StartScanning */ = {
			isa = PBXGroup;
			children = (
				BFB1145B209ACA56001CB1A8 /* Views */,
				BFB1145D209ACA56001CB1A8 /* StartScanningPVC.swift */,
			);
			path = StartScanning;
			sourceTree = "<group>";
		};
		BFB1145B209ACA56001CB1A8 /* Views */ = {
			isa = PBXGroup;
			children = (
				BFB1145C209ACA56001CB1A8 /* StartScanningContentVC.swift */,
				BFEFBA9B20BA99C0004143DE /* DistanceSelectorView.swift */,
			);
			path = Views;
			sourceTree = "<group>";
		};
		BFB1145E209ACA56001CB1A8 /* Splash */ = {
			isa = PBXGroup;
			children = (
				BFB1145F209ACA56001CB1A8 /* SplashVC.swift */,
			);
			path = Splash;
			sourceTree = "<group>";
		};
		BFED589220A77C7B00E6DA92 /* ShopPrice */ = {
			isa = PBXGroup;
			children = (
				BFED589320A77C7B00E6DA92 /* ShopPricePVC.swift */,
				BFED589420A77C7B00E6DA92 /* Views */,
			);
			path = ShopPrice;
			sourceTree = "<group>";
		};
		BFED589420A77C7B00E6DA92 /* Views */ = {
			isa = PBXGroup;
			children = (
				BFED589520A77C7B00E6DA92 /* ShopPriceContentVC.swift */,
				BF73C4EC20AB462B00452BBD /* ShopPriceTVC.swift */,
			);
			path = Views;
			sourceTree = "<group>";
		};
		BFEFBA8320BA876C004143DE /* Styles */ = {
			isa = PBXGroup;
			children = (
				BFEFBA8420BA879A004143DE /* EShopFonts.swift */,
				BFDF48D420BDC78E00563695 /* EShopColors.swift */,
			);
			path = Styles;
			sourceTree = "<group>";
		};
		BFEFBA8620BA8903004143DE /* Fonts */ = {
			isa = PBXGroup;
			children = (
				BFEFBA9620BA960F004143DE /* SanFranciscoDisplay-Thin.otf */,
				BFEFBA9420BA95E7004143DE /* SanFranciscoDisplay-Ultralight.otf */,
				BFEFBA9320BA95B8004143DE /* SanFranciscoDisplay-Regular.otf */,
				BFEFBA9120BA94C3004143DE /* SanFranciscoDisplay-Bold.otf */,
			);
			path = Fonts;
			sourceTree = "<group>";
		};
		BFEFBA9D20BABAA1004143DE /* Strings */ = {
			isa = PBXGroup;
			children = (
				BFEFBAA620BABD3B004143DE /* Localizable.strings */,
				BFEFBAA020BABC3F004143DE /* Strings.swift */,
			);
			path = Strings;
			sourceTree = "<group>";
		};
		CAF843E5223B306707C76558 /* Frameworks */ = {
			isa = PBXGroup;
			children = (
				693EBEB6285F376CB57A8A3D /* Pods_eShop.framework */,
				D82A741CB64EA926208A5E54 /* Pods_eShopTests.framework */,
			);
			name = Frameworks;
			sourceTree = "<group>";
		};
/* End PBXGroup section */

/* Begin PBXNativeTarget section */
		BF6361E120947540008A174C /* eShop */ = {
			isa = PBXNativeTarget;
			buildConfigurationList = BF6361FF20947542008A174C /* Build configuration list for PBXNativeTarget "eShop" */;
			buildPhases = (
				3D68C7A8F996948396A397D1 /* [CP] Check Pods Manifest.lock */,
				BF63620E20947DEC008A174C /* R.Swift */,
				BF6361DE20947540008A174C /* Sources */,
				BF6361DF20947540008A174C /* Frameworks */,
				BF6361E020947540008A174C /* Resources */,
				90729EEECEC86ED565523313 /* [CP] Embed Pods Frameworks */,
				BF63621720947FD5008A174C /* Swiftlint */,
			);
			buildRules = (
			);
			dependencies = (
			);
			name = eShop;
			productName = eShop;
			productReference = BF6361E220947540008A174C /* eShop.app */;
			productType = "com.apple.product-type.application";
		};
		BF6361F520947542008A174C /* eShopTests */ = {
			isa = PBXNativeTarget;
			buildConfigurationList = BF63620220947542008A174C /* Build configuration list for PBXNativeTarget "eShopTests" */;
			buildPhases = (
				23861211BD3931601950213D /* [CP] Check Pods Manifest.lock */,
				BF6361F220947542008A174C /* Sources */,
				BF6361F320947542008A174C /* Frameworks */,
				BF6361F420947542008A174C /* Resources */,
			);
			buildRules = (
			);
			dependencies = (
				BF6361F820947542008A174C /* PBXTargetDependency */,
			);
			name = eShopTests;
			productName = eShopTests;
			productReference = BF6361F620947542008A174C /* eShopTests.xctest */;
			productType = "com.apple.product-type.bundle.unit-test";
		};
/* End PBXNativeTarget section */

/* Begin PBXProject section */
		BF6361DA20947540008A174C /* Project object */ = {
			isa = PBXProject;
			attributes = {
				LastSwiftUpdateCheck = 0930;
				LastUpgradeCheck = 0930;
				ORGANIZATIONNAME = jca;
				TargetAttributes = {
					BF6361E120947540008A174C = {
						CreatedOnToolsVersion = 9.3;
						SystemCapabilities = {
							com.apple.Push = {
								enabled = 1;
							};
						};
					};
					BF6361F520947542008A174C = {
						CreatedOnToolsVersion = 9.3;
						TestTargetID = BF6361E120947540008A174C;
					};
				};
			};
			buildConfigurationList = BF6361DD20947540008A174C /* Build configuration list for PBXProject "eShop" */;
			compatibilityVersion = "Xcode 9.3";
			developmentRegion = en;
			hasScannedForEncodings = 0;
			knownRegions = (
				en,
				Base,
				es,
			);
			mainGroup = BF6361D920947540008A174C;
			productRefGroup = BF6361E320947540008A174C /* Products */;
			projectDirPath = "";
			projectRoot = "";
			targets = (
				BF6361E120947540008A174C /* eShop */,
				BF6361F520947542008A174C /* eShopTests */,
			);
		};
/* End PBXProject section */

/* Begin PBXResourcesBuildPhase section */
		BF6361E020947540008A174C /* Resources */ = {
			isa = PBXResourcesBuildPhase;
			buildActionMask = 2147483647;
			files = (
				BFEFBA9720BA96E0004143DE /* SanFranciscoDisplay-Thin.otf in Resources */,
				BFEFBA9820BA96E0004143DE /* SanFranciscoDisplay-Ultralight.otf in Resources */,
				BFEFBAA420BABD3B004143DE /* Localizable.strings in Resources */,
				BFEFBA9920BA96E0004143DE /* SanFranciscoDisplay-Regular.otf in Resources */,
				BFEFBA9A20BA96E0004143DE /* SanFranciscoDisplay-Bold.otf in Resources */,
				BFBBD67120999284003EB7E7 /* GoogleService-Info-DEBUG.plist in Resources */,
				BFA73BB020D9858E00E5E7AB /* productList.storyboard in Resources */,
				BF6361F020947542008A174C /* LaunchScreen.storyboard in Resources */,
				BF63620920947763008A174C /* GoogleService-Info.plist in Resources */,
				BFAACEB8209A5CD40067C80D /* Main.storyboard in Resources */,
				BF6361ED20947542008A174C /* Assets.xcassets in Resources */,
				BF7CC6DA2099FC75009C422F /* scanForPrice.storyboard in Resources */,
			);
			runOnlyForDeploymentPostprocessing = 0;
		};
		BF6361F420947542008A174C /* Resources */ = {
			isa = PBXResourcesBuildPhase;
			buildActionMask = 2147483647;
			files = (
			);
			runOnlyForDeploymentPostprocessing = 0;
		};
/* End PBXResourcesBuildPhase section */

/* Begin PBXShellScriptBuildPhase section */
		23861211BD3931601950213D /* [CP] Check Pods Manifest.lock */ = {
			isa = PBXShellScriptBuildPhase;
			buildActionMask = 2147483647;
			files = (
			);
			inputPaths = (
				"${PODS_PODFILE_DIR_PATH}/Podfile.lock",
				"${PODS_ROOT}/Manifest.lock",
			);
			name = "[CP] Check Pods Manifest.lock";
			outputPaths = (
				"$(DERIVED_FILE_DIR)/Pods-eShopTests-checkManifestLockResult.txt",
			);
			runOnlyForDeploymentPostprocessing = 0;
			shellPath = /bin/sh;
			shellScript = "diff \"${PODS_PODFILE_DIR_PATH}/Podfile.lock\" \"${PODS_ROOT}/Manifest.lock\" > /dev/null\nif [ $? != 0 ] ; then\n    # print error to STDERR\n    echo \"error: The sandbox is not in sync with the Podfile.lock. Run 'pod install' or update your CocoaPods installation.\" >&2\n    exit 1\nfi\n# This output is used by Xcode 'outputs' to avoid re-running this script phase.\necho \"SUCCESS\" > \"${SCRIPT_OUTPUT_FILE_0}\"\n";
			showEnvVarsInLog = 0;
		};
		3D68C7A8F996948396A397D1 /* [CP] Check Pods Manifest.lock */ = {
			isa = PBXShellScriptBuildPhase;
			buildActionMask = 2147483647;
			files = (
			);
			inputPaths = (
				"${PODS_PODFILE_DIR_PATH}/Podfile.lock",
				"${PODS_ROOT}/Manifest.lock",
			);
			name = "[CP] Check Pods Manifest.lock";
			outputPaths = (
				"$(DERIVED_FILE_DIR)/Pods-eShop-checkManifestLockResult.txt",
			);
			runOnlyForDeploymentPostprocessing = 0;
			shellPath = /bin/sh;
			shellScript = "diff \"${PODS_PODFILE_DIR_PATH}/Podfile.lock\" \"${PODS_ROOT}/Manifest.lock\" > /dev/null\nif [ $? != 0 ] ; then\n    # print error to STDERR\n    echo \"error: The sandbox is not in sync with the Podfile.lock. Run 'pod install' or update your CocoaPods installation.\" >&2\n    exit 1\nfi\n# This output is used by Xcode 'outputs' to avoid re-running this script phase.\necho \"SUCCESS\" > \"${SCRIPT_OUTPUT_FILE_0}\"\n";
			showEnvVarsInLog = 0;
		};
		90729EEECEC86ED565523313 /* [CP] Embed Pods Frameworks */ = {
			isa = PBXShellScriptBuildPhase;
			buildActionMask = 2147483647;
			files = (
			);
			inputPaths = (
				"${SRCROOT}/Pods/Target Support Files/Pods-eShop/Pods-eShop-frameworks.sh",
				"${BUILT_PRODUCTS_DIR}/BarcodeScanner/BarcodeScanner.framework",
				"${BUILT_PRODUCTS_DIR}/CocoaLumberjack/CocoaLumberjack.framework",
				"${BUILT_PRODUCTS_DIR}/GTMSessionFetcher/GTMSessionFetcher.framework",
				"${BUILT_PRODUCTS_DIR}/GoogleToolboxForMac/GoogleToolboxForMac.framework",
				"${BUILT_PRODUCTS_DIR}/Protobuf/Protobuf.framework",
				"${BUILT_PRODUCTS_DIR}/R.swift.Library/Rswift.framework",
				"${BUILT_PRODUCTS_DIR}/RxCocoa/RxCocoa.framework",
				"${BUILT_PRODUCTS_DIR}/RxSwift/RxSwift.framework",
				"${BUILT_PRODUCTS_DIR}/leveldb-library/leveldb.framework",
				"${BUILT_PRODUCTS_DIR}/nanopb/nanopb.framework",
			);
			name = "[CP] Embed Pods Frameworks";
			outputPaths = (
				"${TARGET_BUILD_DIR}/${FRAMEWORKS_FOLDER_PATH}/BarcodeScanner.framework",
				"${TARGET_BUILD_DIR}/${FRAMEWORKS_FOLDER_PATH}/CocoaLumberjack.framework",
				"${TARGET_BUILD_DIR}/${FRAMEWORKS_FOLDER_PATH}/GTMSessionFetcher.framework",
				"${TARGET_BUILD_DIR}/${FRAMEWORKS_FOLDER_PATH}/GoogleToolboxForMac.framework",
				"${TARGET_BUILD_DIR}/${FRAMEWORKS_FOLDER_PATH}/Protobuf.framework",
				"${TARGET_BUILD_DIR}/${FRAMEWORKS_FOLDER_PATH}/Rswift.framework",
				"${TARGET_BUILD_DIR}/${FRAMEWORKS_FOLDER_PATH}/RxCocoa.framework",
				"${TARGET_BUILD_DIR}/${FRAMEWORKS_FOLDER_PATH}/RxSwift.framework",
				"${TARGET_BUILD_DIR}/${FRAMEWORKS_FOLDER_PATH}/leveldb.framework",
				"${TARGET_BUILD_DIR}/${FRAMEWORKS_FOLDER_PATH}/nanopb.framework",
			);
			runOnlyForDeploymentPostprocessing = 0;
			shellPath = /bin/sh;
			shellScript = "\"${SRCROOT}/Pods/Target Support Files/Pods-eShop/Pods-eShop-frameworks.sh\"\n";
			showEnvVarsInLog = 0;
		};
		BF63620E20947DEC008A174C /* R.Swift */ = {
			isa = PBXShellScriptBuildPhase;
			buildActionMask = 12;
			files = (
			);
			inputPaths = (
			);
			name = R.Swift;
			outputPaths = (
			);
			runOnlyForDeploymentPostprocessing = 0;
			shellPath = /bin/sh;
			shellScript = "\"$PODS_ROOT/R.swift/rswift\" \"$SRCROOT/eShop/ViewLayer/Resources/RSwift\"";
		};
		BF63621720947FD5008A174C /* Swiftlint */ = {
			isa = PBXShellScriptBuildPhase;
			buildActionMask = 2147483647;
			files = (
			);
			inputPaths = (
			);
			name = Swiftlint;
			outputPaths = (
			);
			runOnlyForDeploymentPostprocessing = 0;
			shellPath = /bin/sh;
			shellScript = "if which swiftlint >/dev/null; then\n swiftlint\n# swiftlint autocorrect --format\nelse\necho \"warning: SwiftLint not installed, download from https://github.com/realm/SwiftLint\"\nfi";
		};
/* End PBXShellScriptBuildPhase section */

/* Begin PBXSourcesBuildPhase section */
		BF6361DE20947540008A174C /* Sources */ = {
			isa = PBXSourcesBuildPhase;
			buildActionMask = 2147483647;
			files = (
				BF7CC6F02099FE4B009C422F /* ConcurrentOperation.swift in Sources */,
				BFEFBAA320BABC92004143DE /* LocaleManager.swift in Sources */,
				BF0C555920BB13C900D6F7BC /* MainTabBarController.swift in Sources */,
				BFDF48D520BDC78E00563695 /* EShopColors.swift in Sources */,
				BFB11463209ACA56001CB1A8 /* StartScanningContentVC.swift in Sources */,
				BFA73BB420D986A800E5E7AB /* ProductSearchListPVC.swift in Sources */,
				BF682FA120B311090010094C /* ProductPricesContentVC.swift in Sources */,
				BF55468320A6CC25003388F0 /* ScanForPriceUC.swift in Sources */,
				BFEFBA8220BA851C004143DE /* BaseViewController.swift in Sources */,
				BFDD643620C9A6E8002244D0 /* ProductFilterView.swift in Sources */,
				BF7CC701209A014A009C422F /* UIApplicationExtension.swift in Sources */,
				BF7CC6DC2099FC8E009C422F /* AppStoryboard.swift in Sources */,
				BF6361E820947541008A174C /* ViewController.swift in Sources */,
				BF682FA020B311090010094C /* ProductPricesTVC.swift in Sources */,
				BFB11464209ACA56001CB1A8 /* StartScanningPVC.swift in Sources */,
				BF55468420A6CC25003388F0 /* ScanForPriceCoordinator.swift in Sources */,
				BF6362222094941A008A174C /* Product.swift in Sources */,
				BFEFBAA120BABC3F004143DE /* Strings.swift in Sources */,
				BFB11465209ACA56001CB1A8 /* SplashVC.swift in Sources */,
				BFEFBA9C20BA99C0004143DE /* DistanceSelectorView.swift in Sources */,
				BFA73BB920D98ABD00E5E7AB /* ProductSearchListContentVC.swift in Sources */,
				BFB11460209ACA56001CB1A8 /* BarcodeScannerPVC.swift in Sources */,
				BF6362232094941A008A174C /* FirebaseManager.swift in Sources */,
				BF635E6F20CAE83D00F81A4C /* DoubleExtension.swift in Sources */,
				BFF54B5420A06D7C004917AC /* DataManager.swift in Sources */,
				BF682F9F20B311090010094C /* ProductPricesPVC.swift in Sources */,
				BF636228209506C4008A174C /* Shop.swift in Sources */,
				BFB11461209ACA56001CB1A8 /* BarcodeScannerContainerVC.swift in Sources */,
				BFB11469209ACC8A001CB1A8 /* PresentSplashOperation.swift in Sources */,
				BFEFBA8520BA879A004143DE /* EShopFonts.swift in Sources */,
				BF73C4ED20AB462B00452BBD /* ShopPriceTVC.swift in Sources */,
				BF7CC6F82099FE4B009C422F /* PresentMainAppOperation.swift in Sources */,
				BFBEF9C520D66C2000D37855 /* UIViewExtension.swift in Sources */,
				BFA73BAE20D9854700E5E7AB /* ProductListNC.swift in Sources */,
				BF6361E620947541008A174C /* AppDelegate.swift in Sources */,
				BF63621A209480B7008A174C /* R.generated.swift in Sources */,
				BF63622E2095F938008A174C /* Price.swift in Sources */,
				BF55468520A6CC25003388F0 /* LocationManager.swift in Sources */,
				BF7CC6F92099FE4B009C422F /* StartUpAppSequencer.swift in Sources */,
				BFED589720A77C7C00E6DA92 /* ShopPriceContentVC.swift in Sources */,
				BFA73BB620D9876500E5E7AB /* ProductListCoordinator.swift in Sources */,
				BF014D8120A1783E00F7E1A4 /* UIAlertController+rx.swift in Sources */,
				BFB11462209ACA56001CB1A8 /* ScanForPriceNC.swift in Sources */,
				BFED589620A77C7C00E6DA92 /* ShopPricePVC.swift in Sources */,
			);
			runOnlyForDeploymentPostprocessing = 0;
		};
		BF6361F220947542008A174C /* Sources */ = {
			isa = PBXSourcesBuildPhase;
			buildActionMask = 2147483647;
			files = (
				BF4E901420B47E6B002B908B /* UTDataManager.swift in Sources */,
				BF384A7120984A5900E0D073 /* UTPrice.swift in Sources */,
				BF63622B20951548008A174C /* UTShop.swift in Sources */,
				BF7FC7D920A6B472008859BF /* UTScanForPriceUC.swift in Sources */,
				BF6362262094BEFA008A174C /* UTFirebaseManager.swift in Sources */,
				BF384A6F209789CA00E0D073 /* UTProduct.swift in Sources */,
			);
			runOnlyForDeploymentPostprocessing = 0;
		};
/* End PBXSourcesBuildPhase section */

/* Begin PBXTargetDependency section */
		BF6361F820947542008A174C /* PBXTargetDependency */ = {
			isa = PBXTargetDependency;
			target = BF6361E120947540008A174C /* eShop */;
			targetProxy = BF6361F720947542008A174C /* PBXContainerItemProxy */;
		};
/* End PBXTargetDependency section */

/* Begin PBXVariantGroup section */
		BF6361EE20947542008A174C /* LaunchScreen.storyboard */ = {
			isa = PBXVariantGroup;
			children = (
				BF6361EF20947542008A174C /* Base */,
				BFEFBAA720BABD65004143DE /* es */,
			);
			name = LaunchScreen.storyboard;
			sourceTree = "<group>";
		};
		BFEFBAA620BABD3B004143DE /* Localizable.strings */ = {
			isa = PBXVariantGroup;
			children = (
				BFEFBAA520BABD3B004143DE /* en */,
				BFEFBAA820BABD65004143DE /* es */,
			);
			name = Localizable.strings;
			sourceTree = "<group>";
		};
/* End PBXVariantGroup section */

/* Begin XCBuildConfiguration section */
		BF6361FD20947542008A174C /* Debug */ = {
			isa = XCBuildConfiguration;
			buildSettings = {
				ALWAYS_SEARCH_USER_PATHS = NO;
				CLANG_ANALYZER_LOCALIZABILITY_NONLOCALIZED = YES;
				CLANG_ANALYZER_NONNULL = YES;
				CLANG_ANALYZER_NUMBER_OBJECT_CONVERSION = YES_AGGRESSIVE;
				CLANG_CXX_LANGUAGE_STANDARD = "gnu++14";
				CLANG_CXX_LIBRARY = "libc++";
				CLANG_ENABLE_MODULES = YES;
				CLANG_ENABLE_OBJC_ARC = YES;
				CLANG_ENABLE_OBJC_WEAK = YES;
				CLANG_WARN_BLOCK_CAPTURE_AUTORELEASING = YES;
				CLANG_WARN_BOOL_CONVERSION = YES;
				CLANG_WARN_COMMA = YES;
				CLANG_WARN_CONSTANT_CONVERSION = YES;
				CLANG_WARN_DEPRECATED_OBJC_IMPLEMENTATIONS = YES;
				CLANG_WARN_DIRECT_OBJC_ISA_USAGE = YES_ERROR;
				CLANG_WARN_DOCUMENTATION_COMMENTS = YES;
				CLANG_WARN_EMPTY_BODY = YES;
				CLANG_WARN_ENUM_CONVERSION = YES;
				CLANG_WARN_INFINITE_RECURSION = YES;
				CLANG_WARN_INT_CONVERSION = YES;
				CLANG_WARN_NON_LITERAL_NULL_CONVERSION = YES;
				CLANG_WARN_OBJC_IMPLICIT_RETAIN_SELF = YES;
				CLANG_WARN_OBJC_LITERAL_CONVERSION = YES;
				CLANG_WARN_OBJC_ROOT_CLASS = YES_ERROR;
				CLANG_WARN_RANGE_LOOP_ANALYSIS = YES;
				CLANG_WARN_STRICT_PROTOTYPES = YES;
				CLANG_WARN_SUSPICIOUS_MOVE = YES;
				CLANG_WARN_UNGUARDED_AVAILABILITY = YES_AGGRESSIVE;
				CLANG_WARN_UNREACHABLE_CODE = YES;
				CLANG_WARN__DUPLICATE_METHOD_MATCH = YES;
				CODE_SIGN_IDENTITY = "iPhone Developer";
				COPY_PHASE_STRIP = NO;
				DEBUG_INFORMATION_FORMAT = dwarf;
				ENABLE_STRICT_OBJC_MSGSEND = YES;
				ENABLE_TESTABILITY = YES;
				GCC_C_LANGUAGE_STANDARD = gnu11;
				GCC_DYNAMIC_NO_PIC = NO;
				GCC_NO_COMMON_BLOCKS = YES;
				GCC_OPTIMIZATION_LEVEL = 0;
				GCC_PREPROCESSOR_DEFINITIONS = (
					"DEBUG=1",
					"$(inherited)",
				);
				GCC_WARN_64_TO_32_BIT_CONVERSION = YES;
				GCC_WARN_ABOUT_RETURN_TYPE = YES_ERROR;
				GCC_WARN_UNDECLARED_SELECTOR = YES;
				GCC_WARN_UNINITIALIZED_AUTOS = YES_AGGRESSIVE;
				GCC_WARN_UNUSED_FUNCTION = YES;
				GCC_WARN_UNUSED_VARIABLE = YES;
				IPHONEOS_DEPLOYMENT_TARGET = 11.3;
				MTL_ENABLE_DEBUG_INFO = YES;
				ONLY_ACTIVE_ARCH = YES;
				SDKROOT = iphoneos;
				SWIFT_ACTIVE_COMPILATION_CONDITIONS = DEBUG;
				SWIFT_OPTIMIZATION_LEVEL = "-Onone";
			};
			name = Debug;
		};
		BF6361FE20947542008A174C /* Release */ = {
			isa = XCBuildConfiguration;
			buildSettings = {
				ALWAYS_SEARCH_USER_PATHS = NO;
				CLANG_ANALYZER_LOCALIZABILITY_NONLOCALIZED = YES;
				CLANG_ANALYZER_NONNULL = YES;
				CLANG_ANALYZER_NUMBER_OBJECT_CONVERSION = YES_AGGRESSIVE;
				CLANG_CXX_LANGUAGE_STANDARD = "gnu++14";
				CLANG_CXX_LIBRARY = "libc++";
				CLANG_ENABLE_MODULES = YES;
				CLANG_ENABLE_OBJC_ARC = YES;
				CLANG_ENABLE_OBJC_WEAK = YES;
				CLANG_WARN_BLOCK_CAPTURE_AUTORELEASING = YES;
				CLANG_WARN_BOOL_CONVERSION = YES;
				CLANG_WARN_COMMA = YES;
				CLANG_WARN_CONSTANT_CONVERSION = YES;
				CLANG_WARN_DEPRECATED_OBJC_IMPLEMENTATIONS = YES;
				CLANG_WARN_DIRECT_OBJC_ISA_USAGE = YES_ERROR;
				CLANG_WARN_DOCUMENTATION_COMMENTS = YES;
				CLANG_WARN_EMPTY_BODY = YES;
				CLANG_WARN_ENUM_CONVERSION = YES;
				CLANG_WARN_INFINITE_RECURSION = YES;
				CLANG_WARN_INT_CONVERSION = YES;
				CLANG_WARN_NON_LITERAL_NULL_CONVERSION = YES;
				CLANG_WARN_OBJC_IMPLICIT_RETAIN_SELF = YES;
				CLANG_WARN_OBJC_LITERAL_CONVERSION = YES;
				CLANG_WARN_OBJC_ROOT_CLASS = YES_ERROR;
				CLANG_WARN_RANGE_LOOP_ANALYSIS = YES;
				CLANG_WARN_STRICT_PROTOTYPES = YES;
				CLANG_WARN_SUSPICIOUS_MOVE = YES;
				CLANG_WARN_UNGUARDED_AVAILABILITY = YES_AGGRESSIVE;
				CLANG_WARN_UNREACHABLE_CODE = YES;
				CLANG_WARN__DUPLICATE_METHOD_MATCH = YES;
				CODE_SIGN_IDENTITY = "iPhone Developer";
				COPY_PHASE_STRIP = NO;
				DEBUG_INFORMATION_FORMAT = "dwarf-with-dsym";
				ENABLE_NS_ASSERTIONS = NO;
				ENABLE_STRICT_OBJC_MSGSEND = YES;
				GCC_C_LANGUAGE_STANDARD = gnu11;
				GCC_NO_COMMON_BLOCKS = YES;
				GCC_WARN_64_TO_32_BIT_CONVERSION = YES;
				GCC_WARN_ABOUT_RETURN_TYPE = YES_ERROR;
				GCC_WARN_UNDECLARED_SELECTOR = YES;
				GCC_WARN_UNINITIALIZED_AUTOS = YES_AGGRESSIVE;
				GCC_WARN_UNUSED_FUNCTION = YES;
				GCC_WARN_UNUSED_VARIABLE = YES;
				IPHONEOS_DEPLOYMENT_TARGET = 11.3;
				MTL_ENABLE_DEBUG_INFO = NO;
				SDKROOT = iphoneos;
				SWIFT_COMPILATION_MODE = wholemodule;
				SWIFT_OPTIMIZATION_LEVEL = "-O";
				VALIDATE_PRODUCT = YES;
			};
			name = Release;
		};
		BF63620020947542008A174C /* Debug */ = {
			isa = XCBuildConfiguration;
			baseConfigurationReference = 8856398CD142B99E40406E97 /* Pods-eShop.debug.xcconfig */;
			buildSettings = {
				ASSETCATALOG_COMPILER_APPICON_NAME = AppIcon;
				CODE_SIGN_ENTITLEMENTS = eShop/eShop.entitlements;
				CODE_SIGN_IDENTITY = "iPhone Developer";
				CODE_SIGN_STYLE = Automatic;
				DEVELOPMENT_TEAM = 7ZPDPWR8XU;
				INFOPLIST_FILE = eShop/Info.plist;
				LD_RUNPATH_SEARCH_PATHS = (
					"$(inherited)",
					"@executable_path/Frameworks",
				);
				PRODUCT_BUNDLE_IDENTIFIER = com.jca.eshop.debug;
				PRODUCT_NAME = "$(TARGET_NAME)";
				PROVISIONING_PROFILE_SPECIFIER = "";
				SWIFT_VERSION = 4.0;
				TARGETED_DEVICE_FAMILY = "1,2";
			};
			name = Debug;
		};
		BF63620120947542008A174C /* Release */ = {
			isa = XCBuildConfiguration;
			baseConfigurationReference = A12AAAD9FAD84030B79DF1E8 /* Pods-eShop.release.xcconfig */;
			buildSettings = {
				ASSETCATALOG_COMPILER_APPICON_NAME = AppIcon;
				CODE_SIGN_ENTITLEMENTS = eShop/eShop.entitlements;
				CODE_SIGN_IDENTITY = "iPhone Developer";
				CODE_SIGN_STYLE = Automatic;
				DEVELOPMENT_TEAM = 7ZPDPWR8XU;
				INFOPLIST_FILE = eShop/Info.plist;
				LD_RUNPATH_SEARCH_PATHS = (
					"$(inherited)",
					"@executable_path/Frameworks",
				);
				PRODUCT_BUNDLE_IDENTIFIER = com.jca.eshop.debug;
				PRODUCT_NAME = "$(TARGET_NAME)";
				PROVISIONING_PROFILE_SPECIFIER = "";
				SWIFT_VERSION = 4.0;
				TARGETED_DEVICE_FAMILY = "1,2";
			};
			name = Release;
		};
		BF63620320947542008A174C /* Debug */ = {
			isa = XCBuildConfiguration;
			baseConfigurationReference = 15747E12A1198A1C74A824BD /* Pods-eShopTests.debug.xcconfig */;
			buildSettings = {
				ALWAYS_EMBED_SWIFT_STANDARD_LIBRARIES = YES;
				BUNDLE_LOADER = "$(TEST_HOST)";
				CODE_SIGN_STYLE = Automatic;
				DEVELOPMENT_TEAM = 7ZPDPWR8XU;
				INFOPLIST_FILE = eShopTests/Info.plist;
				LD_RUNPATH_SEARCH_PATHS = (
					"$(inherited)",
					"@executable_path/Frameworks",
					"@loader_path/Frameworks",
				);
				PRODUCT_BUNDLE_IDENTIFIER = com.jca.eShopTests.debug;
				PRODUCT_NAME = "$(TARGET_NAME)";
				SWIFT_VERSION = 4.0;
				TARGETED_DEVICE_FAMILY = "1,2";
				TEST_HOST = "$(BUILT_PRODUCTS_DIR)/eShop.app/eShop";
			};
			name = Debug;
		};
		BF63620420947542008A174C /* Release */ = {
			isa = XCBuildConfiguration;
			baseConfigurationReference = 540B74BC954BB653B4FED717 /* Pods-eShopTests.release.xcconfig */;
			buildSettings = {
				ALWAYS_EMBED_SWIFT_STANDARD_LIBRARIES = YES;
				BUNDLE_LOADER = "$(TEST_HOST)";
				CODE_SIGN_STYLE = Automatic;
				DEVELOPMENT_TEAM = 7ZPDPWR8XU;
				INFOPLIST_FILE = eShopTests/Info.plist;
				LD_RUNPATH_SEARCH_PATHS = (
					"$(inherited)",
					"@executable_path/Frameworks",
					"@loader_path/Frameworks",
				);
				PRODUCT_BUNDLE_IDENTIFIER = com.jca.eShopTests;
				PRODUCT_NAME = "$(TARGET_NAME)";
				SWIFT_VERSION = 4.0;
				TARGETED_DEVICE_FAMILY = "1,2";
				TEST_HOST = "$(BUILT_PRODUCTS_DIR)/eShop.app/eShop";
			};
			name = Release;
		};
/* End XCBuildConfiguration section */

/* Begin XCConfigurationList section */
		BF6361DD20947540008A174C /* Build configuration list for PBXProject "eShop" */ = {
			isa = XCConfigurationList;
			buildConfigurations = (
				BF6361FD20947542008A174C /* Debug */,
				BF6361FE20947542008A174C /* Release */,
			);
			defaultConfigurationIsVisible = 0;
			defaultConfigurationName = Release;
		};
		BF6361FF20947542008A174C /* Build configuration list for PBXNativeTarget "eShop" */ = {
			isa = XCConfigurationList;
			buildConfigurations = (
				BF63620020947542008A174C /* Debug */,
				BF63620120947542008A174C /* Release */,
			);
			defaultConfigurationIsVisible = 0;
			defaultConfigurationName = Release;
		};
		BF63620220947542008A174C /* Build configuration list for PBXNativeTarget "eShopTests" */ = {
			isa = XCConfigurationList;
			buildConfigurations = (
				BF63620320947542008A174C /* Debug */,
				BF63620420947542008A174C /* Release */,
			);
			defaultConfigurationIsVisible = 0;
			defaultConfigurationName = Release;
		};
/* End XCConfigurationList section */
	};
	rootObject = BF6361DA20947540008A174C /* Project object */;
}
